// !$*UTF8*$!
{
	archiveVersion = 1;
	classes = {
	};
	objectVersion = 55;
	objects = {

/* Begin PBXBuildFile section */
		E416BC7828BCE36C008CBEE4 /* MealLogList.swift in Sources */ = {isa = PBXBuildFile; fileRef = E416BC7728BCE36C008CBEE4 /* MealLogList.swift */; };
		E416BC7A28BCE5E6008CBEE4 /* UserGoal.swift in Sources */ = {isa = PBXBuildFile; fileRef = E416BC7928BCE5E6008CBEE4 /* UserGoal.swift */; };
		E416BC7C28BCE67C008CBEE4 /* MacroItem.swift in Sources */ = {isa = PBXBuildFile; fileRef = E416BC7B28BCE67C008CBEE4 /* MacroItem.swift */; };
		E416BC7F28BCEC69008CBEE4 /* NutritionAnalysisViewController.swift in Sources */ = {isa = PBXBuildFile; fileRef = E416BC7E28BCEC69008CBEE4 /* NutritionAnalysisViewController.swift */; };
		E416BC8128BCEC7D008CBEE4 /* AddFoodViewController.swift in Sources */ = {isa = PBXBuildFile; fileRef = E416BC8028BCEC7D008CBEE4 /* AddFoodViewController.swift */; };
		E416BC8328BCEC92008CBEE4 /* EditFoodLogViewController.swift in Sources */ = {isa = PBXBuildFile; fileRef = E416BC8228BCEC92008CBEE4 /* EditFoodLogViewController.swift */; };
		E416BC8628BCED05008CBEE4 /* AddFoodViewModel.swift in Sources */ = {isa = PBXBuildFile; fileRef = E416BC8528BCED05008CBEE4 /* AddFoodViewModel.swift */; };
		E416BC8828BCF7E6008CBEE4 /* FoodLogCell.swift in Sources */ = {isa = PBXBuildFile; fileRef = E416BC8728BCF7E6008CBEE4 /* FoodLogCell.swift */; };
		E416BC8C28BD9019008CBEE4 /* FoodLogViewModel.swift in Sources */ = {isa = PBXBuildFile; fileRef = E416BC8B28BD9019008CBEE4 /* FoodLogViewModel.swift */; };
		E416BC8E28BD91E8008CBEE4 /* DoubleUnitsCell.swift in Sources */ = {isa = PBXBuildFile; fileRef = E416BC8D28BD91E8008CBEE4 /* DoubleUnitsCell.swift */; };
		E416BC9028BDB750008CBEE4 /* UserHealthData.swift in Sources */ = {isa = PBXBuildFile; fileRef = E416BC8F28BDB750008CBEE4 /* UserHealthData.swift */; };
		E416BC9228BE4594008CBEE4 /* MacroRatioBarView.swift in Sources */ = {isa = PBXBuildFile; fileRef = E416BC9128BE4594008CBEE4 /* MacroRatioBarView.swift */; };
		E416BC9528BE4F15008CBEE4 /* Food+Collection.swift in Sources */ = {isa = PBXBuildFile; fileRef = E416BC9428BE4F15008CBEE4 /* Food+Collection.swift */; };
		E416BC9728BE4F38008CBEE4 /* WorkoutItem+Collection.swift in Sources */ = {isa = PBXBuildFile; fileRef = E416BC9628BE4F38008CBEE4 /* WorkoutItem+Collection.swift */; };
		E416BC9928BE5426008CBEE4 /* IconTitleSubtitleView.swift in Sources */ = {isa = PBXBuildFile; fileRef = E416BC9828BE5426008CBEE4 /* IconTitleSubtitleView.swift */; };
		E416BC9B28BEEA97008CBEE4 /* YearMonthDay.swift in Sources */ = {isa = PBXBuildFile; fileRef = E416BC9A28BEEA97008CBEE4 /* YearMonthDay.swift */; };
		E416BC9D28BEEAC0008CBEE4 /* MonthAndYear.swift in Sources */ = {isa = PBXBuildFile; fileRef = E416BC9C28BEEAC0008CBEE4 /* MonthAndYear.swift */; };
		E416BC9F28BEF29A008CBEE4 /* DiaryDateControllCell.swift in Sources */ = {isa = PBXBuildFile; fileRef = E416BC9E28BEF29A008CBEE4 /* DiaryDateControllCell.swift */; };
		E416BCA128BEFA6F008CBEE4 /* DailyMealLog+Collection.swift in Sources */ = {isa = PBXBuildFile; fileRef = E416BCA028BEFA6F008CBEE4 /* DailyMealLog+Collection.swift */; };
		E416BCA428BEFF23008CBEE4 /* ProgressViewController.swift in Sources */ = {isa = PBXBuildFile; fileRef = E416BCA328BEFF23008CBEE4 /* ProgressViewController.swift */; };
		E416BCA728BEFF42008CBEE4 /* ProgressViewModel.swift in Sources */ = {isa = PBXBuildFile; fileRef = E416BCA628BEFF42008CBEE4 /* ProgressViewModel.swift */; };
		E416BCA928BEFF97008CBEE4 /* ProgressCoordinator.swift in Sources */ = {isa = PBXBuildFile; fileRef = E416BCA828BEFF97008CBEE4 /* ProgressCoordinator.swift */; };
		E42E45BC28B4A2610088A9BF /* WorkoutRoutineListViewController.swift in Sources */ = {isa = PBXBuildFile; fileRef = E42E45BB28B4A2610088A9BF /* WorkoutRoutineListViewController.swift */; };
		E42E45BE28B4A3AE0088A9BF /* WorkoutRoutineListViewModel.swift in Sources */ = {isa = PBXBuildFile; fileRef = E42E45BD28B4A3AE0088A9BF /* WorkoutRoutineListViewModel.swift */; };
		E42E45C028B4CF290088A9BF /* WorkoutRoutineViewController.swift in Sources */ = {isa = PBXBuildFile; fileRef = E42E45BF28B4CF290088A9BF /* WorkoutRoutineViewController.swift */; };
		E42E45C228B4CF420088A9BF /* WorkoutRoutineViewModel.swift in Sources */ = {isa = PBXBuildFile; fileRef = E42E45C128B4CF420088A9BF /* WorkoutRoutineViewModel.swift */; };
		E42E45C428B4D8720088A9BF /* WorkoutExerciseListViewController.swift in Sources */ = {isa = PBXBuildFile; fileRef = E42E45C328B4D8720088A9BF /* WorkoutExerciseListViewController.swift */; };
		E42E45C628B509ED0088A9BF /* MeAccountDetailViewController.swift in Sources */ = {isa = PBXBuildFile; fileRef = E42E45C528B509ED0088A9BF /* MeAccountDetailViewController.swift */; };
		E44B6B9328B3CA3C00CCB19C /* WorkoutSessionViewController.swift in Sources */ = {isa = PBXBuildFile; fileRef = E44B6B9228B3CA3C00CCB19C /* WorkoutSessionViewController.swift */; };
		E44B6B9528B451D900CCB19C /* IconTitleSubtitleNumberUnitView.swift in Sources */ = {isa = PBXBuildFile; fileRef = E44B6B9428B451D900CCB19C /* IconTitleSubtitleNumberUnitView.swift */; };
		E44B6B9728B4676900CCB19C /* TextFieldCell.swift in Sources */ = {isa = PBXBuildFile; fileRef = E44B6B9628B4676800CCB19C /* TextFieldCell.swift */; };
		E44B6B9B28B468C000CCB19C /* DateCell.swift in Sources */ = {isa = PBXBuildFile; fileRef = E44B6B9A28B468C000CCB19C /* DateCell.swift */; };
		E44B6B9D28B46BCB00CCB19C /* ButtonCell.swift in Sources */ = {isa = PBXBuildFile; fileRef = E44B6B9C28B46BCB00CCB19C /* ButtonCell.swift */; };
		E44B6B9F28B47D9900CCB19C /* WorkoutSetCell.swift in Sources */ = {isa = PBXBuildFile; fileRef = E44B6B9E28B47D9900CCB19C /* WorkoutSetCell.swift */; };
		E44B6BA128B48A0E00CCB19C /* WorkoutRoutine.swift in Sources */ = {isa = PBXBuildFile; fileRef = E44B6BA028B48A0E00CCB19C /* WorkoutRoutine.swift */; };
		E44C590028BF0C1A007DA562 /* WorkoutSession+Collection.swift in Sources */ = {isa = PBXBuildFile; fileRef = E44C58FF28BF0C1A007DA562 /* WorkoutSession+Collection.swift */; };
		E44C590428BF46ED007DA562 /* WorkoutCircuit.swift in Sources */ = {isa = PBXBuildFile; fileRef = E44C590328BF46ED007DA562 /* WorkoutCircuit.swift */; };
		E44C590828BF51F8007DA562 /* WorkoutRoutine+Collection.swift in Sources */ = {isa = PBXBuildFile; fileRef = E44C590728BF51F8007DA562 /* WorkoutRoutine+Collection.swift */; };
		E44C590A28BF522B007DA562 /* WorkoutSessionInterface.swift in Sources */ = {isa = PBXBuildFile; fileRef = E44C590928BF522B007DA562 /* WorkoutSessionInterface.swift */; };
		E44C590D28BF5656007DA562 /* Journal.swift in Sources */ = {isa = PBXBuildFile; fileRef = E44C590C28BF5656007DA562 /* Journal.swift */; };
		E44C590F28BF5C94007DA562 /* HealthKitWorkout.swift in Sources */ = {isa = PBXBuildFile; fileRef = E44C590E28BF5C94007DA562 /* HealthKitWorkout.swift */; };
		E44C591128BF8E63007DA562 /* TitleSubtitleDetailCell.swift in Sources */ = {isa = PBXBuildFile; fileRef = E44C591028BF8E63007DA562 /* TitleSubtitleDetailCell.swift */; };
		E44C591328BF93F6007DA562 /* Journal+Collection.swift in Sources */ = {isa = PBXBuildFile; fileRef = E44C591228BF93F6007DA562 /* Journal+Collection.swift */; };
		E44C592828C4EE63007DA562 /* loading.json in Resources */ = {isa = PBXBuildFile; fileRef = E44C592728C4EE63007DA562 /* loading.json */; };
		E44C592A28C4EE8C007DA562 /* GoogleService-Info.plist in Resources */ = {isa = PBXBuildFile; fileRef = E44C592928C4EE8C007DA562 /* GoogleService-Info.plist */; };
		E44C592C28C58695007DA562 /* DailyMealLog.swift in Sources */ = {isa = PBXBuildFile; fileRef = E44C592B28C58695007DA562 /* DailyMealLog.swift */; };
		E44C592F28C59363007DA562 /* AuthenticationViewModel.swift in Sources */ = {isa = PBXBuildFile; fileRef = E44C592E28C59363007DA562 /* AuthenticationViewModel.swift */; };
		E44C593628C596EA007DA562 /* WelcomeViewController.swift in Sources */ = {isa = PBXBuildFile; fileRef = E44C593528C596EA007DA562 /* WelcomeViewController.swift */; };
		E44C593828C78EAA007DA562 /* UserPreference.swift in Sources */ = {isa = PBXBuildFile; fileRef = E44C593728C78EAA007DA562 /* UserPreference.swift */; };
		E48912B028CC828E009AFB09 /* TitleSubtitleButtonCell.swift in Sources */ = {isa = PBXBuildFile; fileRef = E48912AF28CC828E009AFB09 /* TitleSubtitleButtonCell.swift */; };
		E48912B228CDCC95009AFB09 /* MacroRatio.swift in Sources */ = {isa = PBXBuildFile; fileRef = E48912B128CDCC95009AFB09 /* MacroRatio.swift */; };
		E48912B428CEA857009AFB09 /* MealSummaryHeaderView.swift in Sources */ = {isa = PBXBuildFile; fileRef = E48912B328CEA857009AFB09 /* MealSummaryHeaderView.swift */; };
		E48912B628CEA8D9009AFB09 /* TitleTableHeaderView.swift in Sources */ = {isa = PBXBuildFile; fileRef = E48912B528CEA8D9009AFB09 /* TitleTableHeaderView.swift */; };
		E490D13228BCA1EB0074E28F /* HealthKit.framework in Frameworks */ = {isa = PBXBuildFile; fileRef = E490D13128BCA1EB0074E28F /* HealthKit.framework */; };
		E4C25E2529C4094C006734A5 /* FirebaseAuth in Frameworks */ = {isa = PBXBuildFile; productRef = E4C25E2429C4094C006734A5 /* FirebaseAuth */; };
		E4C25E2729C4094C006734A5 /* FirebaseAuthCombine-Community in Frameworks */ = {isa = PBXBuildFile; productRef = E4C25E2629C4094C006734A5 /* FirebaseAuthCombine-Community */; };
		E4C25E2929C4094C006734A5 /* FirebaseFirestore in Frameworks */ = {isa = PBXBuildFile; productRef = E4C25E2829C4094C006734A5 /* FirebaseFirestore */; };
		E4C25E2B29C4094C006734A5 /* FirebaseFirestoreCombine-Community in Frameworks */ = {isa = PBXBuildFile; productRef = E4C25E2A29C4094C006734A5 /* FirebaseFirestoreCombine-Community */; };
		E4C25E2D29C4094C006734A5 /* FirebaseFirestoreSwift in Frameworks */ = {isa = PBXBuildFile; productRef = E4C25E2C29C4094C006734A5 /* FirebaseFirestoreSwift */; };
		E4C25E2F29C4094C006734A5 /* FirebaseStorage in Frameworks */ = {isa = PBXBuildFile; productRef = E4C25E2E29C4094C006734A5 /* FirebaseStorage */; };
		E4C25E3129C4094C006734A5 /* FirebaseStorageCombine-Community in Frameworks */ = {isa = PBXBuildFile; productRef = E4C25E3029C4094C006734A5 /* FirebaseStorageCombine-Community */; };
		E4C25E3429C40999006734A5 /* SnapKit in Frameworks */ = {isa = PBXBuildFile; productRef = E4C25E3329C40999006734A5 /* SnapKit */; };
		E4C25E3729C409E1006734A5 /* RxCocoa in Frameworks */ = {isa = PBXBuildFile; productRef = E4C25E3629C409E1006734A5 /* RxCocoa */; };
		E4C25E3929C409E1006734A5 /* RxRelay in Frameworks */ = {isa = PBXBuildFile; productRef = E4C25E3829C409E1006734A5 /* RxRelay */; };
		E4C25E3B29C409E1006734A5 /* RxSwift in Frameworks */ = {isa = PBXBuildFile; productRef = E4C25E3A29C409E1006734A5 /* RxSwift */; };
		E4C25E3E29C40A25006734A5 /* RxDataSources in Frameworks */ = {isa = PBXBuildFile; productRef = E4C25E3D29C40A25006734A5 /* RxDataSources */; };
		E4C25E4129C40A7A006734A5 /* GoogleSignIn in Frameworks */ = {isa = PBXBuildFile; productRef = E4C25E4029C40A7A006734A5 /* GoogleSignIn */; };
		E4C25E4329C40A7A006734A5 /* GoogleSignInSwift in Frameworks */ = {isa = PBXBuildFile; productRef = E4C25E4229C40A7A006734A5 /* GoogleSignInSwift */; };
		E4C25E4629C43DAC006734A5 /* Lottie in Frameworks */ = {isa = PBXBuildFile; productRef = E4C25E4529C43DAC006734A5 /* Lottie */; };
		E4C25E4929C43E07006734A5 /* Collections in Frameworks */ = {isa = PBXBuildFile; productRef = E4C25E4829C43E07006734A5 /* Collections */; };
		E4C25E4B29C43E07006734A5 /* OrderedCollections in Frameworks */ = {isa = PBXBuildFile; productRef = E4C25E4A29C43E07006734A5 /* OrderedCollections */; };
		E4C25E4D29C5DACB006734A5 /* Encodable+Extensions.swift in Sources */ = {isa = PBXBuildFile; fileRef = E4C25E4C29C5DACB006734A5 /* Encodable+Extensions.swift */; };
		E4C25E5629C7031C006734A5 /* BaseMVVMViewController.swift in Sources */ = {isa = PBXBuildFile; fileRef = E4C25E5529C7031C006734A5 /* BaseMVVMViewController.swift */; };
		E4C25ED829C89CF1006734A5 /* WorkoutSessionReorderExercisesViewController.swift in Sources */ = {isa = PBXBuildFile; fileRef = E4C25ED729C89CF1006734A5 /* WorkoutSessionReorderExercisesViewController.swift */; };
		E4C25EDA29C9A483006734A5 /* WorkoutSet.swift in Sources */ = {isa = PBXBuildFile; fileRef = E4C25ED929C9A483006734A5 /* WorkoutSet.swift */; };
		E4C25EDC29C9C330006734A5 /* Array+Extensions.swift in Sources */ = {isa = PBXBuildFile; fileRef = E4C25EDB29C9C330006734A5 /* Array+Extensions.swift */; };
		E4C25EE229CAE018006734A5 /* WorkoutSettingsViewController.swift in Sources */ = {isa = PBXBuildFile; fileRef = E4C25EE129CAE018006734A5 /* WorkoutSettingsViewController.swift */; };
		E4C25EE429CAE115006734A5 /* WorkoutSettingsViewModel.swift in Sources */ = {isa = PBXBuildFile; fileRef = E4C25EE329CAE115006734A5 /* WorkoutSettingsViewModel.swift */; };
		E4C78BE528B12124005AE5C4 /* AppDelegate.swift in Sources */ = {isa = PBXBuildFile; fileRef = E4C78BE428B12124005AE5C4 /* AppDelegate.swift */; };
		E4C78BEE28B12126005AE5C4 /* Assets.xcassets in Resources */ = {isa = PBXBuildFile; fileRef = E4C78BED28B12126005AE5C4 /* Assets.xcassets */; };
		E4C78BF128B12126005AE5C4 /* LaunchScreen.storyboard in Resources */ = {isa = PBXBuildFile; fileRef = E4C78BEF28B12126005AE5C4 /* LaunchScreen.storyboard */; };
		E4C78CA228B12174005AE5C4 /* HomeViewModel.swift in Sources */ = {isa = PBXBuildFile; fileRef = E4C78C0228B12173005AE5C4 /* HomeViewModel.swift */; };
		E4C78CA328B12174005AE5C4 /* BaseViewModel.swift in Sources */ = {isa = PBXBuildFile; fileRef = E4C78C0328B12173005AE5C4 /* BaseViewModel.swift */; };
		E4C78CB728B12174005AE5C4 /* Database.swift in Sources */ = {isa = PBXBuildFile; fileRef = E4C78C1B28B12173005AE5C4 /* Database.swift */; };
		E4C78CEC28B12174005AE5C4 /* IconButton.swift in Sources */ = {isa = PBXBuildFile; fileRef = E4C78C6228B12174005AE5C4 /* IconButton.swift */; };
		E4C78CED28B12174005AE5C4 /* RoundButton.swift in Sources */ = {isa = PBXBuildFile; fileRef = E4C78C6328B12174005AE5C4 /* RoundButton.swift */; };
		E4C78CEE28B12174005AE5C4 /* CircleView.swift in Sources */ = {isa = PBXBuildFile; fileRef = E4C78C6428B12174005AE5C4 /* CircleView.swift */; };
		E4C78CEF28B12174005AE5C4 /* TextButton.swift in Sources */ = {isa = PBXBuildFile; fileRef = E4C78C6528B12174005AE5C4 /* TextButton.swift */; };
		E4C78CF028B12174005AE5C4 /* LoadingViewController.swift in Sources */ = {isa = PBXBuildFile; fileRef = E4C78C6728B12174005AE5C4 /* LoadingViewController.swift */; };
		E4C78CF128B12174005AE5C4 /* ProgressBarView.swift in Sources */ = {isa = PBXBuildFile; fileRef = E4C78C6928B12174005AE5C4 /* ProgressBarView.swift */; };
		E4C78CF228B12174005AE5C4 /* SpinnerView.swift in Sources */ = {isa = PBXBuildFile; fileRef = E4C78C6A28B12174005AE5C4 /* SpinnerView.swift */; };
		E4C78CF328B12174005AE5C4 /* BaseCell.swift in Sources */ = {isa = PBXBuildFile; fileRef = E4C78C6B28B12174005AE5C4 /* BaseCell.swift */; };
		E4C78CF428B12174005AE5C4 /* UserManager.swift in Sources */ = {isa = PBXBuildFile; fileRef = E4C78C6D28B12174005AE5C4 /* UserManager.swift */; };
		E4C78CF528B12174005AE5C4 /* CacheManager.swift in Sources */ = {isa = PBXBuildFile; fileRef = E4C78C6E28B12174005AE5C4 /* CacheManager.swift */; };
		E4C78CF628B12174005AE5C4 /* ErrorHandler.swift in Sources */ = {isa = PBXBuildFile; fileRef = E4C78C6F28B12174005AE5C4 /* ErrorHandler.swift */; };
		E4C78CFA28B12174005AE5C4 /* Constants.swift in Sources */ = {isa = PBXBuildFile; fileRef = E4C78C7528B12174005AE5C4 /* Constants.swift */; };
		E4C78CFB28B12174005AE5C4 /* UIColor+Theme.swift in Sources */ = {isa = PBXBuildFile; fileRef = E4C78C7628B12174005AE5C4 /* UIColor+Theme.swift */; };
		E4C78CFC28B12174005AE5C4 /* UIFont+Theme.swift in Sources */ = {isa = PBXBuildFile; fileRef = E4C78C7728B12174005AE5C4 /* UIFont+Theme.swift */; };
		E4C78CFD28B12174005AE5C4 /* Icons.swift in Sources */ = {isa = PBXBuildFile; fileRef = E4C78C7828B12174005AE5C4 /* Icons.swift */; };
		E4C78CFE28B12174005AE5C4 /* Enum.swift in Sources */ = {isa = PBXBuildFile; fileRef = E4C78C7928B12174005AE5C4 /* Enum.swift */; };
		E4C78CFF28B12174005AE5C4 /* ViewController.swift in Sources */ = {isa = PBXBuildFile; fileRef = E4C78C7B28B12174005AE5C4 /* ViewController.swift */; };
		E4C78D0028B12174005AE5C4 /* UIViewController+Extensions.swift in Sources */ = {isa = PBXBuildFile; fileRef = E4C78C7C28B12174005AE5C4 /* UIViewController+Extensions.swift */; };
		E4C78D0128B12174005AE5C4 /* UIImageView+loadImageUsingURL.swift in Sources */ = {isa = PBXBuildFile; fileRef = E4C78C7D28B12174005AE5C4 /* UIImageView+loadImageUsingURL.swift */; };
		E4C78D0228B12174005AE5C4 /* UIView+Extensions.swift in Sources */ = {isa = PBXBuildFile; fileRef = E4C78C7E28B12174005AE5C4 /* UIView+Extensions.swift */; };
		E4C78D0328B12174005AE5C4 /* DateFormatter+Extensions.swift in Sources */ = {isa = PBXBuildFile; fileRef = E4C78C7F28B12174005AE5C4 /* DateFormatter+Extensions.swift */; };
		E4C78D0428B12174005AE5C4 /* String+Extensions.swift in Sources */ = {isa = PBXBuildFile; fileRef = E4C78C8028B12174005AE5C4 /* String+Extensions.swift */; };
		E4C78D0628B12174005AE5C4 /* UIColor+Extensions.swift in Sources */ = {isa = PBXBuildFile; fileRef = E4C78C8228B12174005AE5C4 /* UIColor+Extensions.swift */; };
		E4C78D0728B12174005AE5C4 /* Decimal+formatter.swift in Sources */ = {isa = PBXBuildFile; fileRef = E4C78C8328B12174005AE5C4 /* Decimal+formatter.swift */; };
		E4C78D0828B12174005AE5C4 /* UIStack+RemoveAll.swift in Sources */ = {isa = PBXBuildFile; fileRef = E4C78C8428B12174005AE5C4 /* UIStack+RemoveAll.swift */; };
		E4C78D0928B12174005AE5C4 /* UINavigationController+Extensions.swift in Sources */ = {isa = PBXBuildFile; fileRef = E4C78C8528B12174005AE5C4 /* UINavigationController+Extensions.swift */; };
		E4C78D0A28B12174005AE5C4 /* Calendar+Extensions.swift in Sources */ = {isa = PBXBuildFile; fileRef = E4C78C8628B12174005AE5C4 /* Calendar+Extensions.swift */; };
		E4C78D0B28B12174005AE5C4 /* TimeInterval+Extensions.swift in Sources */ = {isa = PBXBuildFile; fileRef = E4C78C8728B12174005AE5C4 /* TimeInterval+Extensions.swift */; };
		E4C78D0C28B12174005AE5C4 /* UILabel+Extensions.swift in Sources */ = {isa = PBXBuildFile; fileRef = E4C78C8828B12174005AE5C4 /* UILabel+Extensions.swift */; };
		E4C78D0D28B12174005AE5C4 /* Date+Extensions.swift in Sources */ = {isa = PBXBuildFile; fileRef = E4C78C8928B12174005AE5C4 /* Date+Extensions.swift */; };
		E4C78D0E28B12174005AE5C4 /* Double+Extensions.swift in Sources */ = {isa = PBXBuildFile; fileRef = E4C78C8A28B12174005AE5C4 /* Double+Extensions.swift */; };
		E4C78D0F28B12174005AE5C4 /* AppCoordinator.swift in Sources */ = {isa = PBXBuildFile; fileRef = E4C78C8C28B12174005AE5C4 /* AppCoordinator.swift */; };
		E4C78D1028B12174005AE5C4 /* WorkoutCoordinator.swift in Sources */ = {isa = PBXBuildFile; fileRef = E4C78C8D28B12174005AE5C4 /* WorkoutCoordinator.swift */; };
		E4C78D1128B12174005AE5C4 /* MeCoordinator.swift in Sources */ = {isa = PBXBuildFile; fileRef = E4C78C8E28B12174005AE5C4 /* MeCoordinator.swift */; };
		E4C78D1228B12174005AE5C4 /* HomeCoordinator.swift in Sources */ = {isa = PBXBuildFile; fileRef = E4C78C8F28B12174005AE5C4 /* HomeCoordinator.swift */; };
		E4C78D1328B12174005AE5C4 /* BaseCoordinator.swift in Sources */ = {isa = PBXBuildFile; fileRef = E4C78C9028B12174005AE5C4 /* BaseCoordinator.swift */; };
		E4C78D1428B12174005AE5C4 /* Coordinator.swift in Sources */ = {isa = PBXBuildFile; fileRef = E4C78C9128B12174005AE5C4 /* Coordinator.swift */; };
		E4C78D1C28B12183005AE5C4 /* SceneDelegate.swift in Sources */ = {isa = PBXBuildFile; fileRef = E4C78D1B28B12182005AE5C4 /* SceneDelegate.swift */; };
		E4C78D2A28B1232C005AE5C4 /* AppText.swift in Sources */ = {isa = PBXBuildFile; fileRef = E4C78D2928B1232C005AE5C4 /* AppText.swift */; };
		E4C78D2C28B12432005AE5C4 /* Food.swift in Sources */ = {isa = PBXBuildFile; fileRef = E4C78D2B28B12432005AE5C4 /* Food.swift */; };
		E4C78D3028B1259C005AE5C4 /* HomeViewController.swift in Sources */ = {isa = PBXBuildFile; fileRef = E4C78D2F28B1259C005AE5C4 /* HomeViewController.swift */; };
		E4C78D3628B125D5005AE5C4 /* BaseViewController.swift in Sources */ = {isa = PBXBuildFile; fileRef = E4C78D3228B125D5005AE5C4 /* BaseViewController.swift */; };
		E4C78D3728B125D5005AE5C4 /* PickerViewController.swift in Sources */ = {isa = PBXBuildFile; fileRef = E4C78D3328B125D5005AE5C4 /* PickerViewController.swift */; };
		E4C78D3828B125D5005AE5C4 /* LoadingScreenViewController.swift in Sources */ = {isa = PBXBuildFile; fileRef = E4C78D3428B125D5005AE5C4 /* LoadingScreenViewController.swift */; };
		E4C78D3928B125D5005AE5C4 /* MainTabBarController.swift in Sources */ = {isa = PBXBuildFile; fileRef = E4C78D3528B125D5005AE5C4 /* MainTabBarController.swift */; };
		E4C78D3B28B12660005AE5C4 /* WorkoutViewController.swift in Sources */ = {isa = PBXBuildFile; fileRef = E4C78D3A28B12660005AE5C4 /* WorkoutViewController.swift */; };
		E4C78D3E28B1267E005AE5C4 /* MeViewController.swift in Sources */ = {isa = PBXBuildFile; fileRef = E4C78D3D28B1267E005AE5C4 /* MeViewController.swift */; };
		E4C78D4128B1268C005AE5C4 /* MeViewModel.swift in Sources */ = {isa = PBXBuildFile; fileRef = E4C78D4028B1268C005AE5C4 /* MeViewModel.swift */; };
		E4C78D4628B1D6D2005AE5C4 /* CaloriesSummaryCell.swift in Sources */ = {isa = PBXBuildFile; fileRef = E4C78D4528B1D6D2005AE5C4 /* CaloriesSummaryCell.swift */; };
		E4C78D4C28B1F18A005AE5C4 /* WorkoutSession.swift in Sources */ = {isa = PBXBuildFile; fileRef = E4C78D4B28B1F18A005AE5C4 /* WorkoutSession.swift */; };
		E4C78D4E28B1F198005AE5C4 /* WorkoutItem.swift in Sources */ = {isa = PBXBuildFile; fileRef = E4C78D4D28B1F198005AE5C4 /* WorkoutItem.swift */; };
		E4C78D5028B20748005AE5C4 /* NutritionFacts.swift in Sources */ = {isa = PBXBuildFile; fileRef = E4C78D4F28B20748005AE5C4 /* NutritionFacts.swift */; };
		E4C78D5228B20907005AE5C4 /* MealLog.swift in Sources */ = {isa = PBXBuildFile; fileRef = E4C78D5128B20907005AE5C4 /* MealLog.swift */; };
		E4C78D5628B209A3005AE5C4 /* DateAndTime.swift in Sources */ = {isa = PBXBuildFile; fileRef = E4C78D5528B209A3005AE5C4 /* DateAndTime.swift */; };
		E4C78D5828B20D3F005AE5C4 /* WorkoutViewModel.swift in Sources */ = {isa = PBXBuildFile; fileRef = E4C78D5728B20D3F005AE5C4 /* WorkoutViewModel.swift */; };
		E4C78D6528B21458005AE5C4 /* WorkoutSessionDataSource.swift in Sources */ = {isa = PBXBuildFile; fileRef = E4C78D6428B21458005AE5C4 /* WorkoutSessionDataSource.swift */; };
		E4C78D6A28B214B0005AE5C4 /* WorkoutSessionSection.swift in Sources */ = {isa = PBXBuildFile; fileRef = E4C78D6928B214B0005AE5C4 /* WorkoutSessionSection.swift */; };
		E4C78D6C28B274A0005AE5C4 /* WorkoutSessionPreviewCell.swift in Sources */ = {isa = PBXBuildFile; fileRef = E4C78D6B28B274A0005AE5C4 /* WorkoutSessionPreviewCell.swift */; };
		E4C78D6E28B274C0005AE5C4 /* WorkoutSessionViewModel.swift in Sources */ = {isa = PBXBuildFile; fileRef = E4C78D6D28B274C0005AE5C4 /* WorkoutSessionViewModel.swift */; };
		E4F73B8528BA0EF70056E1DD /* WorkoutBodyPart.swift in Sources */ = {isa = PBXBuildFile; fileRef = E4F73B8428BA0EF70056E1DD /* WorkoutBodyPart.swift */; };
		E4F73B8B28BA0F960056E1DD /* WorkoutMachine.swift in Sources */ = {isa = PBXBuildFile; fileRef = E4F73B8A28BA0F960056E1DD /* WorkoutMachine.swift */; };
		E4F73B8D28BA0FC60056E1DD /* FoodUnit.swift in Sources */ = {isa = PBXBuildFile; fileRef = E4F73B8C28BA0FC60056E1DD /* FoodUnit.swift */; };
		E4F73B8F28BA0FD90056E1DD /* FoodLog.swift in Sources */ = {isa = PBXBuildFile; fileRef = E4F73B8E28BA0FD90056E1DD /* FoodLog.swift */; };
		E4F73B9128BA1B680056E1DD /* DataProvider.swift in Sources */ = {isa = PBXBuildFile; fileRef = E4F73B9028BA1B680056E1DD /* DataProvider.swift */; };
		E4F73B9428BA1BDA0056E1DD /* User.swift in Sources */ = {isa = PBXBuildFile; fileRef = E4F73B9328BA1BDA0056E1DD /* User.swift */; };
		E4F73B9628BA1D120056E1DD /* CustomizedMeal.swift in Sources */ = {isa = PBXBuildFile; fileRef = E4F73B9528BA1D120056E1DD /* CustomizedMeal.swift */; };
		E4F73B9828BA25BF0056E1DD /* VoidResult.swift in Sources */ = {isa = PBXBuildFile; fileRef = E4F73B9728BA25BF0056E1DD /* VoidResult.swift */; };
		E4F73B9E28BA34E40056E1DD /* UnitNutrition.swift in Sources */ = {isa = PBXBuildFile; fileRef = E4F73B9D28BA34E40056E1DD /* UnitNutrition.swift */; };
		E4F73BA028BA35AB0056E1DD /* AmountAndUnit.swift in Sources */ = {isa = PBXBuildFile; fileRef = E4F73B9F28BA35AB0056E1DD /* AmountAndUnit.swift */; };
/* End PBXBuildFile section */

/* Begin PBXFileReference section */
		E416BC7728BCE36C008CBEE4 /* MealLogList.swift */ = {isa = PBXFileReference; lastKnownFileType = sourcecode.swift; path = MealLogList.swift; sourceTree = "<group>"; };
		E416BC7928BCE5E6008CBEE4 /* UserGoal.swift */ = {isa = PBXFileReference; lastKnownFileType = sourcecode.swift; path = UserGoal.swift; sourceTree = "<group>"; };
		E416BC7B28BCE67C008CBEE4 /* MacroItem.swift */ = {isa = PBXFileReference; lastKnownFileType = sourcecode.swift; path = MacroItem.swift; sourceTree = "<group>"; };
		E416BC7E28BCEC69008CBEE4 /* NutritionAnalysisViewController.swift */ = {isa = PBXFileReference; lastKnownFileType = sourcecode.swift; path = NutritionAnalysisViewController.swift; sourceTree = "<group>"; };
		E416BC8028BCEC7D008CBEE4 /* AddFoodViewController.swift */ = {isa = PBXFileReference; lastKnownFileType = sourcecode.swift; path = AddFoodViewController.swift; sourceTree = "<group>"; };
		E416BC8228BCEC92008CBEE4 /* EditFoodLogViewController.swift */ = {isa = PBXFileReference; lastKnownFileType = sourcecode.swift; path = EditFoodLogViewController.swift; sourceTree = "<group>"; };
		E416BC8528BCED05008CBEE4 /* AddFoodViewModel.swift */ = {isa = PBXFileReference; lastKnownFileType = sourcecode.swift; path = AddFoodViewModel.swift; sourceTree = "<group>"; };
		E416BC8728BCF7E6008CBEE4 /* FoodLogCell.swift */ = {isa = PBXFileReference; lastKnownFileType = sourcecode.swift; path = FoodLogCell.swift; sourceTree = "<group>"; };
		E416BC8B28BD9019008CBEE4 /* FoodLogViewModel.swift */ = {isa = PBXFileReference; lastKnownFileType = sourcecode.swift; path = FoodLogViewModel.swift; sourceTree = "<group>"; };
		E416BC8D28BD91E8008CBEE4 /* DoubleUnitsCell.swift */ = {isa = PBXFileReference; lastKnownFileType = sourcecode.swift; path = DoubleUnitsCell.swift; sourceTree = "<group>"; };
		E416BC8F28BDB750008CBEE4 /* UserHealthData.swift */ = {isa = PBXFileReference; lastKnownFileType = sourcecode.swift; path = UserHealthData.swift; sourceTree = "<group>"; };
		E416BC9128BE4594008CBEE4 /* MacroRatioBarView.swift */ = {isa = PBXFileReference; lastKnownFileType = sourcecode.swift; path = MacroRatioBarView.swift; sourceTree = "<group>"; };
		E416BC9428BE4F15008CBEE4 /* Food+Collection.swift */ = {isa = PBXFileReference; lastKnownFileType = sourcecode.swift; path = "Food+Collection.swift"; sourceTree = "<group>"; };
		E416BC9628BE4F38008CBEE4 /* WorkoutItem+Collection.swift */ = {isa = PBXFileReference; lastKnownFileType = sourcecode.swift; path = "WorkoutItem+Collection.swift"; sourceTree = "<group>"; };
		E416BC9828BE5426008CBEE4 /* IconTitleSubtitleView.swift */ = {isa = PBXFileReference; lastKnownFileType = sourcecode.swift; path = IconTitleSubtitleView.swift; sourceTree = "<group>"; };
		E416BC9A28BEEA97008CBEE4 /* YearMonthDay.swift */ = {isa = PBXFileReference; lastKnownFileType = sourcecode.swift; path = YearMonthDay.swift; sourceTree = "<group>"; };
		E416BC9C28BEEAC0008CBEE4 /* MonthAndYear.swift */ = {isa = PBXFileReference; lastKnownFileType = sourcecode.swift; path = MonthAndYear.swift; sourceTree = "<group>"; };
		E416BC9E28BEF29A008CBEE4 /* DiaryDateControllCell.swift */ = {isa = PBXFileReference; lastKnownFileType = sourcecode.swift; path = DiaryDateControllCell.swift; sourceTree = "<group>"; };
		E416BCA028BEFA6F008CBEE4 /* DailyMealLog+Collection.swift */ = {isa = PBXFileReference; lastKnownFileType = sourcecode.swift; path = "DailyMealLog+Collection.swift"; sourceTree = "<group>"; };
		E416BCA328BEFF23008CBEE4 /* ProgressViewController.swift */ = {isa = PBXFileReference; lastKnownFileType = sourcecode.swift; path = ProgressViewController.swift; sourceTree = "<group>"; };
		E416BCA628BEFF42008CBEE4 /* ProgressViewModel.swift */ = {isa = PBXFileReference; lastKnownFileType = sourcecode.swift; path = ProgressViewModel.swift; sourceTree = "<group>"; };
		E416BCA828BEFF97008CBEE4 /* ProgressCoordinator.swift */ = {isa = PBXFileReference; lastKnownFileType = sourcecode.swift; path = ProgressCoordinator.swift; sourceTree = "<group>"; };
		E42E45BB28B4A2610088A9BF /* WorkoutRoutineListViewController.swift */ = {isa = PBXFileReference; lastKnownFileType = sourcecode.swift; path = WorkoutRoutineListViewController.swift; sourceTree = "<group>"; };
		E42E45BD28B4A3AE0088A9BF /* WorkoutRoutineListViewModel.swift */ = {isa = PBXFileReference; lastKnownFileType = sourcecode.swift; path = WorkoutRoutineListViewModel.swift; sourceTree = "<group>"; };
		E42E45BF28B4CF290088A9BF /* WorkoutRoutineViewController.swift */ = {isa = PBXFileReference; lastKnownFileType = sourcecode.swift; path = WorkoutRoutineViewController.swift; sourceTree = "<group>"; };
		E42E45C128B4CF420088A9BF /* WorkoutRoutineViewModel.swift */ = {isa = PBXFileReference; lastKnownFileType = sourcecode.swift; path = WorkoutRoutineViewModel.swift; sourceTree = "<group>"; };
		E42E45C328B4D8720088A9BF /* WorkoutExerciseListViewController.swift */ = {isa = PBXFileReference; lastKnownFileType = sourcecode.swift; path = WorkoutExerciseListViewController.swift; sourceTree = "<group>"; };
		E42E45C528B509ED0088A9BF /* MeAccountDetailViewController.swift */ = {isa = PBXFileReference; lastKnownFileType = sourcecode.swift; path = MeAccountDetailViewController.swift; sourceTree = "<group>"; };
		E44B6B9228B3CA3C00CCB19C /* WorkoutSessionViewController.swift */ = {isa = PBXFileReference; lastKnownFileType = sourcecode.swift; path = WorkoutSessionViewController.swift; sourceTree = "<group>"; };
		E44B6B9428B451D900CCB19C /* IconTitleSubtitleNumberUnitView.swift */ = {isa = PBXFileReference; lastKnownFileType = sourcecode.swift; path = IconTitleSubtitleNumberUnitView.swift; sourceTree = "<group>"; };
		E44B6B9628B4676800CCB19C /* TextFieldCell.swift */ = {isa = PBXFileReference; lastKnownFileType = sourcecode.swift; path = TextFieldCell.swift; sourceTree = "<group>"; };
		E44B6B9A28B468C000CCB19C /* DateCell.swift */ = {isa = PBXFileReference; lastKnownFileType = sourcecode.swift; path = DateCell.swift; sourceTree = "<group>"; };
		E44B6B9C28B46BCB00CCB19C /* ButtonCell.swift */ = {isa = PBXFileReference; lastKnownFileType = sourcecode.swift; path = ButtonCell.swift; sourceTree = "<group>"; };
		E44B6B9E28B47D9900CCB19C /* WorkoutSetCell.swift */ = {isa = PBXFileReference; lastKnownFileType = sourcecode.swift; path = WorkoutSetCell.swift; sourceTree = "<group>"; };
		E44B6BA028B48A0E00CCB19C /* WorkoutRoutine.swift */ = {isa = PBXFileReference; lastKnownFileType = sourcecode.swift; path = WorkoutRoutine.swift; sourceTree = "<group>"; };
		E44C58FF28BF0C1A007DA562 /* WorkoutSession+Collection.swift */ = {isa = PBXFileReference; lastKnownFileType = sourcecode.swift; path = "WorkoutSession+Collection.swift"; sourceTree = "<group>"; };
		E44C590328BF46ED007DA562 /* WorkoutCircuit.swift */ = {isa = PBXFileReference; lastKnownFileType = sourcecode.swift; path = WorkoutCircuit.swift; sourceTree = "<group>"; };
		E44C590728BF51F8007DA562 /* WorkoutRoutine+Collection.swift */ = {isa = PBXFileReference; lastKnownFileType = sourcecode.swift; path = "WorkoutRoutine+Collection.swift"; sourceTree = "<group>"; };
		E44C590928BF522B007DA562 /* WorkoutSessionInterface.swift */ = {isa = PBXFileReference; lastKnownFileType = sourcecode.swift; path = WorkoutSessionInterface.swift; sourceTree = "<group>"; };
		E44C590C28BF5656007DA562 /* Journal.swift */ = {isa = PBXFileReference; lastKnownFileType = sourcecode.swift; path = Journal.swift; sourceTree = "<group>"; };
		E44C590E28BF5C94007DA562 /* HealthKitWorkout.swift */ = {isa = PBXFileReference; lastKnownFileType = sourcecode.swift; path = HealthKitWorkout.swift; sourceTree = "<group>"; };
		E44C591028BF8E63007DA562 /* TitleSubtitleDetailCell.swift */ = {isa = PBXFileReference; lastKnownFileType = sourcecode.swift; path = TitleSubtitleDetailCell.swift; sourceTree = "<group>"; };
		E44C591228BF93F6007DA562 /* Journal+Collection.swift */ = {isa = PBXFileReference; lastKnownFileType = sourcecode.swift; path = "Journal+Collection.swift"; sourceTree = "<group>"; };
		E44C592728C4EE63007DA562 /* loading.json */ = {isa = PBXFileReference; fileEncoding = 4; lastKnownFileType = text.json; path = loading.json; sourceTree = "<group>"; };
		E44C592928C4EE8C007DA562 /* GoogleService-Info.plist */ = {isa = PBXFileReference; fileEncoding = 4; lastKnownFileType = text.plist.xml; path = "GoogleService-Info.plist"; sourceTree = "<group>"; };
		E44C592B28C58695007DA562 /* DailyMealLog.swift */ = {isa = PBXFileReference; lastKnownFileType = sourcecode.swift; path = DailyMealLog.swift; sourceTree = "<group>"; };
		E44C592E28C59363007DA562 /* AuthenticationViewModel.swift */ = {isa = PBXFileReference; lastKnownFileType = sourcecode.swift; path = AuthenticationViewModel.swift; sourceTree = "<group>"; };
		E44C593528C596EA007DA562 /* WelcomeViewController.swift */ = {isa = PBXFileReference; lastKnownFileType = sourcecode.swift; path = WelcomeViewController.swift; sourceTree = "<group>"; };
		E44C593728C78EAA007DA562 /* UserPreference.swift */ = {isa = PBXFileReference; lastKnownFileType = sourcecode.swift; path = UserPreference.swift; sourceTree = "<group>"; };
		E48912AF28CC828E009AFB09 /* TitleSubtitleButtonCell.swift */ = {isa = PBXFileReference; lastKnownFileType = sourcecode.swift; path = TitleSubtitleButtonCell.swift; sourceTree = "<group>"; };
		E48912B128CDCC95009AFB09 /* MacroRatio.swift */ = {isa = PBXFileReference; lastKnownFileType = sourcecode.swift; path = MacroRatio.swift; sourceTree = "<group>"; };
		E48912B328CEA857009AFB09 /* MealSummaryHeaderView.swift */ = {isa = PBXFileReference; lastKnownFileType = sourcecode.swift; path = MealSummaryHeaderView.swift; sourceTree = "<group>"; };
		E48912B528CEA8D9009AFB09 /* TitleTableHeaderView.swift */ = {isa = PBXFileReference; lastKnownFileType = sourcecode.swift; path = TitleTableHeaderView.swift; sourceTree = "<group>"; };
		E490D12F28BCA1EA0074E28F /* Get Fit.entitlements */ = {isa = PBXFileReference; lastKnownFileType = text.plist.entitlements; path = "Get Fit.entitlements"; sourceTree = "<group>"; };
		E490D13128BCA1EB0074E28F /* HealthKit.framework */ = {isa = PBXFileReference; lastKnownFileType = wrapper.framework; name = HealthKit.framework; path = System/Library/Frameworks/HealthKit.framework; sourceTree = SDKROOT; };
		E4C25E4C29C5DACB006734A5 /* Encodable+Extensions.swift */ = {isa = PBXFileReference; lastKnownFileType = sourcecode.swift; path = "Encodable+Extensions.swift"; sourceTree = "<group>"; };
		E4C25E5529C7031C006734A5 /* BaseMVVMViewController.swift */ = {isa = PBXFileReference; lastKnownFileType = sourcecode.swift; path = BaseMVVMViewController.swift; sourceTree = "<group>"; };
		E4C25ED729C89CF1006734A5 /* WorkoutSessionReorderExercisesViewController.swift */ = {isa = PBXFileReference; lastKnownFileType = sourcecode.swift; path = WorkoutSessionReorderExercisesViewController.swift; sourceTree = "<group>"; };
		E4C25ED929C9A483006734A5 /* WorkoutSet.swift */ = {isa = PBXFileReference; lastKnownFileType = sourcecode.swift; path = WorkoutSet.swift; sourceTree = "<group>"; };
		E4C25EDB29C9C330006734A5 /* Array+Extensions.swift */ = {isa = PBXFileReference; lastKnownFileType = sourcecode.swift; path = "Array+Extensions.swift"; sourceTree = "<group>"; };
		E4C25EE129CAE018006734A5 /* WorkoutSettingsViewController.swift */ = {isa = PBXFileReference; lastKnownFileType = sourcecode.swift; path = WorkoutSettingsViewController.swift; sourceTree = "<group>"; };
		E4C25EE329CAE115006734A5 /* WorkoutSettingsViewModel.swift */ = {isa = PBXFileReference; lastKnownFileType = sourcecode.swift; path = WorkoutSettingsViewModel.swift; sourceTree = "<group>"; };
		E4C78BE128B12124005AE5C4 /* Get Fit.app */ = {isa = PBXFileReference; explicitFileType = wrapper.application; includeInIndex = 0; path = "Get Fit.app"; sourceTree = BUILT_PRODUCTS_DIR; };
		E4C78BE428B12124005AE5C4 /* AppDelegate.swift */ = {isa = PBXFileReference; lastKnownFileType = sourcecode.swift; path = AppDelegate.swift; sourceTree = "<group>"; };
		E4C78BED28B12126005AE5C4 /* Assets.xcassets */ = {isa = PBXFileReference; lastKnownFileType = folder.assetcatalog; path = Assets.xcassets; sourceTree = "<group>"; };
		E4C78BF028B12126005AE5C4 /* Base */ = {isa = PBXFileReference; lastKnownFileType = file.storyboard; name = Base; path = Base.lproj/LaunchScreen.storyboard; sourceTree = "<group>"; };
		E4C78BF228B12126005AE5C4 /* Info.plist */ = {isa = PBXFileReference; lastKnownFileType = text.plist.xml; path = Info.plist; sourceTree = "<group>"; };
		E4C78C0228B12173005AE5C4 /* HomeViewModel.swift */ = {isa = PBXFileReference; fileEncoding = 4; lastKnownFileType = sourcecode.swift; path = HomeViewModel.swift; sourceTree = "<group>"; };
		E4C78C0328B12173005AE5C4 /* BaseViewModel.swift */ = {isa = PBXFileReference; fileEncoding = 4; lastKnownFileType = sourcecode.swift; path = BaseViewModel.swift; sourceTree = "<group>"; };
		E4C78C1B28B12173005AE5C4 /* Database.swift */ = {isa = PBXFileReference; fileEncoding = 4; lastKnownFileType = sourcecode.swift; path = Database.swift; sourceTree = "<group>"; };
		E4C78C6228B12174005AE5C4 /* IconButton.swift */ = {isa = PBXFileReference; fileEncoding = 4; lastKnownFileType = sourcecode.swift; path = IconButton.swift; sourceTree = "<group>"; };
		E4C78C6328B12174005AE5C4 /* RoundButton.swift */ = {isa = PBXFileReference; fileEncoding = 4; lastKnownFileType = sourcecode.swift; path = RoundButton.swift; sourceTree = "<group>"; };
		E4C78C6428B12174005AE5C4 /* CircleView.swift */ = {isa = PBXFileReference; fileEncoding = 4; lastKnownFileType = sourcecode.swift; path = CircleView.swift; sourceTree = "<group>"; };
		E4C78C6528B12174005AE5C4 /* TextButton.swift */ = {isa = PBXFileReference; fileEncoding = 4; lastKnownFileType = sourcecode.swift; path = TextButton.swift; sourceTree = "<group>"; };
		E4C78C6728B12174005AE5C4 /* LoadingViewController.swift */ = {isa = PBXFileReference; fileEncoding = 4; lastKnownFileType = sourcecode.swift; path = LoadingViewController.swift; sourceTree = "<group>"; };
		E4C78C6928B12174005AE5C4 /* ProgressBarView.swift */ = {isa = PBXFileReference; fileEncoding = 4; lastKnownFileType = sourcecode.swift; path = ProgressBarView.swift; sourceTree = "<group>"; };
		E4C78C6A28B12174005AE5C4 /* SpinnerView.swift */ = {isa = PBXFileReference; fileEncoding = 4; lastKnownFileType = sourcecode.swift; path = SpinnerView.swift; sourceTree = "<group>"; };
		E4C78C6B28B12174005AE5C4 /* BaseCell.swift */ = {isa = PBXFileReference; fileEncoding = 4; lastKnownFileType = sourcecode.swift; path = BaseCell.swift; sourceTree = "<group>"; };
		E4C78C6D28B12174005AE5C4 /* UserManager.swift */ = {isa = PBXFileReference; fileEncoding = 4; lastKnownFileType = sourcecode.swift; path = UserManager.swift; sourceTree = "<group>"; };
		E4C78C6E28B12174005AE5C4 /* CacheManager.swift */ = {isa = PBXFileReference; fileEncoding = 4; lastKnownFileType = sourcecode.swift; path = CacheManager.swift; sourceTree = "<group>"; };
		E4C78C6F28B12174005AE5C4 /* ErrorHandler.swift */ = {isa = PBXFileReference; fileEncoding = 4; lastKnownFileType = sourcecode.swift; path = ErrorHandler.swift; sourceTree = "<group>"; };
		E4C78C7528B12174005AE5C4 /* Constants.swift */ = {isa = PBXFileReference; fileEncoding = 4; lastKnownFileType = sourcecode.swift; path = Constants.swift; sourceTree = "<group>"; };
		E4C78C7628B12174005AE5C4 /* UIColor+Theme.swift */ = {isa = PBXFileReference; fileEncoding = 4; lastKnownFileType = sourcecode.swift; path = "UIColor+Theme.swift"; sourceTree = "<group>"; };
		E4C78C7728B12174005AE5C4 /* UIFont+Theme.swift */ = {isa = PBXFileReference; fileEncoding = 4; lastKnownFileType = sourcecode.swift; path = "UIFont+Theme.swift"; sourceTree = "<group>"; };
		E4C78C7828B12174005AE5C4 /* Icons.swift */ = {isa = PBXFileReference; fileEncoding = 4; lastKnownFileType = sourcecode.swift; path = Icons.swift; sourceTree = "<group>"; };
		E4C78C7928B12174005AE5C4 /* Enum.swift */ = {isa = PBXFileReference; fileEncoding = 4; lastKnownFileType = sourcecode.swift; path = Enum.swift; sourceTree = "<group>"; };
		E4C78C7B28B12174005AE5C4 /* ViewController.swift */ = {isa = PBXFileReference; fileEncoding = 4; lastKnownFileType = sourcecode.swift; path = ViewController.swift; sourceTree = "<group>"; };
		E4C78C7C28B12174005AE5C4 /* UIViewController+Extensions.swift */ = {isa = PBXFileReference; fileEncoding = 4; lastKnownFileType = sourcecode.swift; path = "UIViewController+Extensions.swift"; sourceTree = "<group>"; };
		E4C78C7D28B12174005AE5C4 /* UIImageView+loadImageUsingURL.swift */ = {isa = PBXFileReference; fileEncoding = 4; lastKnownFileType = sourcecode.swift; path = "UIImageView+loadImageUsingURL.swift"; sourceTree = "<group>"; };
		E4C78C7E28B12174005AE5C4 /* UIView+Extensions.swift */ = {isa = PBXFileReference; fileEncoding = 4; lastKnownFileType = sourcecode.swift; path = "UIView+Extensions.swift"; sourceTree = "<group>"; };
		E4C78C7F28B12174005AE5C4 /* DateFormatter+Extensions.swift */ = {isa = PBXFileReference; fileEncoding = 4; lastKnownFileType = sourcecode.swift; path = "DateFormatter+Extensions.swift"; sourceTree = "<group>"; };
		E4C78C8028B12174005AE5C4 /* String+Extensions.swift */ = {isa = PBXFileReference; fileEncoding = 4; lastKnownFileType = sourcecode.swift; path = "String+Extensions.swift"; sourceTree = "<group>"; };
		E4C78C8228B12174005AE5C4 /* UIColor+Extensions.swift */ = {isa = PBXFileReference; fileEncoding = 4; lastKnownFileType = sourcecode.swift; path = "UIColor+Extensions.swift"; sourceTree = "<group>"; };
		E4C78C8328B12174005AE5C4 /* Decimal+formatter.swift */ = {isa = PBXFileReference; fileEncoding = 4; lastKnownFileType = sourcecode.swift; path = "Decimal+formatter.swift"; sourceTree = "<group>"; };
		E4C78C8428B12174005AE5C4 /* UIStack+RemoveAll.swift */ = {isa = PBXFileReference; fileEncoding = 4; lastKnownFileType = sourcecode.swift; path = "UIStack+RemoveAll.swift"; sourceTree = "<group>"; };
		E4C78C8528B12174005AE5C4 /* UINavigationController+Extensions.swift */ = {isa = PBXFileReference; fileEncoding = 4; lastKnownFileType = sourcecode.swift; path = "UINavigationController+Extensions.swift"; sourceTree = "<group>"; };
		E4C78C8628B12174005AE5C4 /* Calendar+Extensions.swift */ = {isa = PBXFileReference; fileEncoding = 4; lastKnownFileType = sourcecode.swift; path = "Calendar+Extensions.swift"; sourceTree = "<group>"; };
		E4C78C8728B12174005AE5C4 /* TimeInterval+Extensions.swift */ = {isa = PBXFileReference; fileEncoding = 4; lastKnownFileType = sourcecode.swift; path = "TimeInterval+Extensions.swift"; sourceTree = "<group>"; };
		E4C78C8828B12174005AE5C4 /* UILabel+Extensions.swift */ = {isa = PBXFileReference; fileEncoding = 4; lastKnownFileType = sourcecode.swift; path = "UILabel+Extensions.swift"; sourceTree = "<group>"; };
		E4C78C8928B12174005AE5C4 /* Date+Extensions.swift */ = {isa = PBXFileReference; fileEncoding = 4; lastKnownFileType = sourcecode.swift; path = "Date+Extensions.swift"; sourceTree = "<group>"; };
		E4C78C8A28B12174005AE5C4 /* Double+Extensions.swift */ = {isa = PBXFileReference; fileEncoding = 4; lastKnownFileType = sourcecode.swift; path = "Double+Extensions.swift"; sourceTree = "<group>"; };
		E4C78C8C28B12174005AE5C4 /* AppCoordinator.swift */ = {isa = PBXFileReference; fileEncoding = 4; lastKnownFileType = sourcecode.swift; path = AppCoordinator.swift; sourceTree = "<group>"; };
		E4C78C8D28B12174005AE5C4 /* WorkoutCoordinator.swift */ = {isa = PBXFileReference; fileEncoding = 4; lastKnownFileType = sourcecode.swift; path = WorkoutCoordinator.swift; sourceTree = "<group>"; };
		E4C78C8E28B12174005AE5C4 /* MeCoordinator.swift */ = {isa = PBXFileReference; fileEncoding = 4; lastKnownFileType = sourcecode.swift; path = MeCoordinator.swift; sourceTree = "<group>"; };
		E4C78C8F28B12174005AE5C4 /* HomeCoordinator.swift */ = {isa = PBXFileReference; fileEncoding = 4; lastKnownFileType = sourcecode.swift; path = HomeCoordinator.swift; sourceTree = "<group>"; };
		E4C78C9028B12174005AE5C4 /* BaseCoordinator.swift */ = {isa = PBXFileReference; fileEncoding = 4; lastKnownFileType = sourcecode.swift; path = BaseCoordinator.swift; sourceTree = "<group>"; };
		E4C78C9128B12174005AE5C4 /* Coordinator.swift */ = {isa = PBXFileReference; fileEncoding = 4; lastKnownFileType = sourcecode.swift; path = Coordinator.swift; sourceTree = "<group>"; };
		E4C78D1B28B12182005AE5C4 /* SceneDelegate.swift */ = {isa = PBXFileReference; fileEncoding = 4; lastKnownFileType = sourcecode.swift; path = SceneDelegate.swift; sourceTree = "<group>"; };
		E4C78D2928B1232C005AE5C4 /* AppText.swift */ = {isa = PBXFileReference; lastKnownFileType = sourcecode.swift; path = AppText.swift; sourceTree = "<group>"; };
		E4C78D2B28B12432005AE5C4 /* Food.swift */ = {isa = PBXFileReference; lastKnownFileType = sourcecode.swift; path = Food.swift; sourceTree = "<group>"; };
		E4C78D2F28B1259C005AE5C4 /* HomeViewController.swift */ = {isa = PBXFileReference; lastKnownFileType = sourcecode.swift; path = HomeViewController.swift; sourceTree = "<group>"; };
		E4C78D3228B125D5005AE5C4 /* BaseViewController.swift */ = {isa = PBXFileReference; fileEncoding = 4; lastKnownFileType = sourcecode.swift; path = BaseViewController.swift; sourceTree = "<group>"; };
		E4C78D3328B125D5005AE5C4 /* PickerViewController.swift */ = {isa = PBXFileReference; fileEncoding = 4; lastKnownFileType = sourcecode.swift; path = PickerViewController.swift; sourceTree = "<group>"; };
		E4C78D3428B125D5005AE5C4 /* LoadingScreenViewController.swift */ = {isa = PBXFileReference; fileEncoding = 4; lastKnownFileType = sourcecode.swift; path = LoadingScreenViewController.swift; sourceTree = "<group>"; };
		E4C78D3528B125D5005AE5C4 /* MainTabBarController.swift */ = {isa = PBXFileReference; fileEncoding = 4; lastKnownFileType = sourcecode.swift; path = MainTabBarController.swift; sourceTree = "<group>"; };
		E4C78D3A28B12660005AE5C4 /* WorkoutViewController.swift */ = {isa = PBXFileReference; lastKnownFileType = sourcecode.swift; path = WorkoutViewController.swift; sourceTree = "<group>"; };
		E4C78D3D28B1267E005AE5C4 /* MeViewController.swift */ = {isa = PBXFileReference; fileEncoding = 4; lastKnownFileType = sourcecode.swift; path = MeViewController.swift; sourceTree = "<group>"; };
		E4C78D4028B1268C005AE5C4 /* MeViewModel.swift */ = {isa = PBXFileReference; fileEncoding = 4; lastKnownFileType = sourcecode.swift; path = MeViewModel.swift; sourceTree = "<group>"; };
		E4C78D4528B1D6D2005AE5C4 /* CaloriesSummaryCell.swift */ = {isa = PBXFileReference; lastKnownFileType = sourcecode.swift; path = CaloriesSummaryCell.swift; sourceTree = "<group>"; };
		E4C78D4B28B1F18A005AE5C4 /* WorkoutSession.swift */ = {isa = PBXFileReference; lastKnownFileType = sourcecode.swift; path = WorkoutSession.swift; sourceTree = "<group>"; };
		E4C78D4D28B1F198005AE5C4 /* WorkoutItem.swift */ = {isa = PBXFileReference; lastKnownFileType = sourcecode.swift; path = WorkoutItem.swift; sourceTree = "<group>"; };
		E4C78D4F28B20748005AE5C4 /* NutritionFacts.swift */ = {isa = PBXFileReference; lastKnownFileType = sourcecode.swift; path = NutritionFacts.swift; sourceTree = "<group>"; };
		E4C78D5128B20907005AE5C4 /* MealLog.swift */ = {isa = PBXFileReference; lastKnownFileType = sourcecode.swift; path = MealLog.swift; sourceTree = "<group>"; };
		E4C78D5528B209A3005AE5C4 /* DateAndTime.swift */ = {isa = PBXFileReference; fileEncoding = 4; lastKnownFileType = sourcecode.swift; path = DateAndTime.swift; sourceTree = "<group>"; };
		E4C78D5728B20D3F005AE5C4 /* WorkoutViewModel.swift */ = {isa = PBXFileReference; lastKnownFileType = sourcecode.swift; path = WorkoutViewModel.swift; sourceTree = "<group>"; };
		E4C78D6428B21458005AE5C4 /* WorkoutSessionDataSource.swift */ = {isa = PBXFileReference; lastKnownFileType = sourcecode.swift; path = WorkoutSessionDataSource.swift; sourceTree = "<group>"; };
		E4C78D6928B214B0005AE5C4 /* WorkoutSessionSection.swift */ = {isa = PBXFileReference; lastKnownFileType = sourcecode.swift; path = WorkoutSessionSection.swift; sourceTree = "<group>"; };
		E4C78D6B28B274A0005AE5C4 /* WorkoutSessionPreviewCell.swift */ = {isa = PBXFileReference; lastKnownFileType = sourcecode.swift; path = WorkoutSessionPreviewCell.swift; sourceTree = "<group>"; };
		E4C78D6D28B274C0005AE5C4 /* WorkoutSessionViewModel.swift */ = {isa = PBXFileReference; lastKnownFileType = sourcecode.swift; path = WorkoutSessionViewModel.swift; sourceTree = "<group>"; };
		E4F73B8428BA0EF70056E1DD /* WorkoutBodyPart.swift */ = {isa = PBXFileReference; lastKnownFileType = sourcecode.swift; path = WorkoutBodyPart.swift; sourceTree = "<group>"; };
		E4F73B8A28BA0F960056E1DD /* WorkoutMachine.swift */ = {isa = PBXFileReference; lastKnownFileType = sourcecode.swift; path = WorkoutMachine.swift; sourceTree = "<group>"; };
		E4F73B8C28BA0FC60056E1DD /* FoodUnit.swift */ = {isa = PBXFileReference; lastKnownFileType = sourcecode.swift; path = FoodUnit.swift; sourceTree = "<group>"; };
		E4F73B8E28BA0FD90056E1DD /* FoodLog.swift */ = {isa = PBXFileReference; lastKnownFileType = sourcecode.swift; path = FoodLog.swift; sourceTree = "<group>"; };
		E4F73B9028BA1B680056E1DD /* DataProvider.swift */ = {isa = PBXFileReference; lastKnownFileType = sourcecode.swift; path = DataProvider.swift; sourceTree = "<group>"; };
		E4F73B9328BA1BDA0056E1DD /* User.swift */ = {isa = PBXFileReference; lastKnownFileType = sourcecode.swift; path = User.swift; sourceTree = "<group>"; };
		E4F73B9528BA1D120056E1DD /* CustomizedMeal.swift */ = {isa = PBXFileReference; lastKnownFileType = sourcecode.swift; path = CustomizedMeal.swift; sourceTree = "<group>"; };
		E4F73B9728BA25BF0056E1DD /* VoidResult.swift */ = {isa = PBXFileReference; lastKnownFileType = sourcecode.swift; path = VoidResult.swift; sourceTree = "<group>"; };
		E4F73B9D28BA34E40056E1DD /* UnitNutrition.swift */ = {isa = PBXFileReference; lastKnownFileType = sourcecode.swift; path = UnitNutrition.swift; sourceTree = "<group>"; };
		E4F73B9F28BA35AB0056E1DD /* AmountAndUnit.swift */ = {isa = PBXFileReference; lastKnownFileType = sourcecode.swift; path = AmountAndUnit.swift; sourceTree = "<group>"; };
/* End PBXFileReference section */

/* Begin PBXFrameworksBuildPhase section */
		E4C78BDE28B12124005AE5C4 /* Frameworks */ = {
			isa = PBXFrameworksBuildPhase;
			buildActionMask = 2147483647;
			files = (
				E4C25E4329C40A7A006734A5 /* GoogleSignInSwift in Frameworks */,
				E490D13228BCA1EB0074E28F /* HealthKit.framework in Frameworks */,
				E4C25E3E29C40A25006734A5 /* RxDataSources in Frameworks */,
				E4C25E2929C4094C006734A5 /* FirebaseFirestore in Frameworks */,
				E4C25E3729C409E1006734A5 /* RxCocoa in Frameworks */,
				E4C25E3129C4094C006734A5 /* FirebaseStorageCombine-Community in Frameworks */,
				E4C25E2729C4094C006734A5 /* FirebaseAuthCombine-Community in Frameworks */,
				E4C25E4629C43DAC006734A5 /* Lottie in Frameworks */,
				E4C25E2B29C4094C006734A5 /* FirebaseFirestoreCombine-Community in Frameworks */,
				E4C25E3B29C409E1006734A5 /* RxSwift in Frameworks */,
				E4C25E2F29C4094C006734A5 /* FirebaseStorage in Frameworks */,
				E4C25E3429C40999006734A5 /* SnapKit in Frameworks */,
				E4C25E2529C4094C006734A5 /* FirebaseAuth in Frameworks */,
				E4C25E2D29C4094C006734A5 /* FirebaseFirestoreSwift in Frameworks */,
				E4C25E4B29C43E07006734A5 /* OrderedCollections in Frameworks */,
				E4C25E3929C409E1006734A5 /* RxRelay in Frameworks */,
				E4C25E4129C40A7A006734A5 /* GoogleSignIn in Frameworks */,
				E4C25E4929C43E07006734A5 /* Collections in Frameworks */,
			);
			runOnlyForDeploymentPostprocessing = 0;
		};
/* End PBXFrameworksBuildPhase section */

/* Begin PBXGroup section */
		E416BC7D28BCEB50008CBEE4 /* Controllers */ = {
			isa = PBXGroup;
			children = (
				E416BC7E28BCEC69008CBEE4 /* NutritionAnalysisViewController.swift */,
				E416BC8028BCEC7D008CBEE4 /* AddFoodViewController.swift */,
				E416BC8228BCEC92008CBEE4 /* EditFoodLogViewController.swift */,
				E416BC8728BCF7E6008CBEE4 /* FoodLogCell.swift */,
			);
			path = Controllers;
			sourceTree = "<group>";
		};
		E416BC8428BCECF0008CBEE4 /* Food */ = {
			isa = PBXGroup;
			children = (
				E4C25E5329C70119006734A5 /* View Models */,
				E416BC7D28BCEB50008CBEE4 /* Controllers */,
			);
			path = Food;
			sourceTree = "<group>";
		};
		E416BC9328BE4F0B008CBEE4 /* Collections */ = {
			isa = PBXGroup;
			children = (
				E416BC9428BE4F15008CBEE4 /* Food+Collection.swift */,
				E416BC9628BE4F38008CBEE4 /* WorkoutItem+Collection.swift */,
				E416BCA028BEFA6F008CBEE4 /* DailyMealLog+Collection.swift */,
				E44C58FF28BF0C1A007DA562 /* WorkoutSession+Collection.swift */,
				E44C590728BF51F8007DA562 /* WorkoutRoutine+Collection.swift */,
				E44C591228BF93F6007DA562 /* Journal+Collection.swift */,
			);
			path = Collections;
			sourceTree = "<group>";
		};
		E416BCA228BEFF14008CBEE4 /* Controllers */ = {
			isa = PBXGroup;
			children = (
				E416BCA328BEFF23008CBEE4 /* ProgressViewController.swift */,
			);
			path = Controllers;
			sourceTree = "<group>";
		};
		E416BCA528BEFF38008CBEE4 /* Progress */ = {
			isa = PBXGroup;
			children = (
				E416BCA228BEFF14008CBEE4 /* Controllers */,
				E4C25E5429C7012F006734A5 /* View Models */,
			);
			path = Progress;
			sourceTree = "<group>";
		};
		E44C590B28BF5643007DA562 /* Journal */ = {
			isa = PBXGroup;
			children = (
				E44C590C28BF5656007DA562 /* Journal.swift */,
			);
			path = Journal;
			sourceTree = "<group>";
		};
		E44C592628C4EE41007DA562 /* Assets */ = {
			isa = PBXGroup;
			children = (
				E44C592728C4EE63007DA562 /* loading.json */,
			);
			path = Assets;
			sourceTree = "<group>";
		};
		E490D13028BCA1EB0074E28F /* Frameworks */ = {
			isa = PBXGroup;
			children = (
				E490D13128BCA1EB0074E28F /* HealthKit.framework */,
			);
			name = Frameworks;
			sourceTree = "<group>";
		};
		E4C25E4E29C70097006734A5 /* View Models */ = {
			isa = PBXGroup;
			children = (
				E4C78C0228B12173005AE5C4 /* HomeViewModel.swift */,
			);
			path = "View Models";
			sourceTree = "<group>";
		};
		E4C25E4F29C700A9006734A5 /* Views */ = {
			isa = PBXGroup;
			children = (
				E416BC9E28BEF29A008CBEE4 /* DiaryDateControllCell.swift */,
				E4C78D4528B1D6D2005AE5C4 /* CaloriesSummaryCell.swift */,
				E416BC9128BE4594008CBEE4 /* MacroRatioBarView.swift */,
				E416BC8D28BD91E8008CBEE4 /* DoubleUnitsCell.swift */,
				E416BC9828BE5426008CBEE4 /* IconTitleSubtitleView.swift */,
				E44B6B9428B451D900CCB19C /* IconTitleSubtitleNumberUnitView.swift */,
				E48912B328CEA857009AFB09 /* MealSummaryHeaderView.swift */,
			);
			path = Views;
			sourceTree = "<group>";
		};
		E4C25E5029C700CD006734A5 /* View Models */ = {
			isa = PBXGroup;
			children = (
				E4C78D5728B20D3F005AE5C4 /* WorkoutViewModel.swift */,
				E4C78D6D28B274C0005AE5C4 /* WorkoutSessionViewModel.swift */,
				E42E45BD28B4A3AE0088A9BF /* WorkoutRoutineListViewModel.swift */,
				E42E45C128B4CF420088A9BF /* WorkoutRoutineViewModel.swift */,
				E4C25EE329CAE115006734A5 /* WorkoutSettingsViewModel.swift */,
			);
			path = "View Models";
			sourceTree = "<group>";
		};
		E4C25E5129C700E0006734A5 /* Features */ = {
			isa = PBXGroup;
			children = (
				E4C78D4228B1268F005AE5C4 /* Common */,
				E4C78D4328B12699005AE5C4 /* Home */,
				E416BC8428BCECF0008CBEE4 /* Food */,
				E4C78D4428B126A4005AE5C4 /* Workout */,
				E4C78D3F28B1268C005AE5C4 /* Me */,
				E416BCA528BEFF38008CBEE4 /* Progress */,
			);
			path = Features;
			sourceTree = "<group>";
		};
		E4C25E5229C70108006734A5 /* View Models */ = {
			isa = PBXGroup;
			children = (
				E44C592E28C59363007DA562 /* AuthenticationViewModel.swift */,
				E4C78C0328B12173005AE5C4 /* BaseViewModel.swift */,
			);
			path = "View Models";
			sourceTree = "<group>";
		};
		E4C25E5329C70119006734A5 /* View Models */ = {
			isa = PBXGroup;
			children = (
				E416BC8528BCED05008CBEE4 /* AddFoodViewModel.swift */,
				E416BC8B28BD9019008CBEE4 /* FoodLogViewModel.swift */,
			);
			path = "View Models";
			sourceTree = "<group>";
		};
		E4C25E5429C7012F006734A5 /* View Models */ = {
			isa = PBXGroup;
			children = (
				E416BCA628BEFF42008CBEE4 /* ProgressViewModel.swift */,
			);
			path = "View Models";
			sourceTree = "<group>";
		};
		E4C25E5B29C85AE0006734A5 /* Views */ = {
			isa = PBXGroup;
			children = (
				E4C78D6B28B274A0005AE5C4 /* WorkoutSessionPreviewCell.swift */,
				E44B6B9E28B47D9900CCB19C /* WorkoutSetCell.swift */,
			);
			path = Views;
			sourceTree = "<group>";
		};
		E4C78BD828B12124005AE5C4 = {
			isa = PBXGroup;
			children = (
				E4C78BE328B12124005AE5C4 /* Get Fit */,
				E4C78BE228B12124005AE5C4 /* Products */,
				E490D13028BCA1EB0074E28F /* Frameworks */,
			);
			sourceTree = "<group>";
		};
		E4C78BE228B12124005AE5C4 /* Products */ = {
			isa = PBXGroup;
			children = (
				E4C78BE128B12124005AE5C4 /* Get Fit.app */,
			);
			name = Products;
			sourceTree = "<group>";
		};
		E4C78BE328B12124005AE5C4 /* Get Fit */ = {
			isa = PBXGroup;
			children = (
				E490D12F28BCA1EA0074E28F /* Get Fit.entitlements */,
				E4C78C1628B12173005AE5C4 /* Data */,
				E4C78C0A28B12173005AE5C4 /* Models */,
				E4C25E5129C700E0006734A5 /* Features */,
				E4C78C8B28B12174005AE5C4 /* Navigations */,
				E4C78C5F28B12174005AE5C4 /* Supporting Files */,
				E4C78BE428B12124005AE5C4 /* AppDelegate.swift */,
				E4C78D1B28B12182005AE5C4 /* SceneDelegate.swift */,
				E4C78BED28B12126005AE5C4 /* Assets.xcassets */,
				E4C78BEF28B12126005AE5C4 /* LaunchScreen.storyboard */,
				E4C78BF228B12126005AE5C4 /* Info.plist */,
				E44C592928C4EE8C007DA562 /* GoogleService-Info.plist */,
			);
			path = "Get Fit";
			sourceTree = "<group>";
		};
		E4C78C0A28B12173005AE5C4 /* Models */ = {
			isa = PBXGroup;
			children = (
				E4F73B9228BA1BD10056E1DD /* User */,
				E4F73B8728BA0F040056E1DD /* Food */,
				E4F73B8628BA0EFE0056E1DD /* Workout */,
				E44C590B28BF5643007DA562 /* Journal */,
			);
			path = Models;
			sourceTree = "<group>";
		};
		E4C78C1628B12173005AE5C4 /* Data */ = {
			isa = PBXGroup;
			children = (
				E44C592628C4EE41007DA562 /* Assets */,
				E416BC9328BE4F0B008CBEE4 /* Collections */,
				E4F73BA628BB9EDD0056E1DD /* Data Provider */,
				E4C78D2728B122F0005AE5C4 /* Localized Strings */,
			);
			path = Data;
			sourceTree = "<group>";
		};
		E4C78C5F28B12174005AE5C4 /* Supporting Files */ = {
			isa = PBXGroup;
			children = (
				E4C78C6028B12174005AE5C4 /* Subclasses */,
				E4C78C6C28B12174005AE5C4 /* Managers */,
				E4C78C7428B12174005AE5C4 /* Common */,
				E4C78C7A28B12174005AE5C4 /* Helpers */,
			);
			path = "Supporting Files";
			sourceTree = "<group>";
		};
		E4C78C6028B12174005AE5C4 /* Subclasses */ = {
			isa = PBXGroup;
			children = (
				E4C78C6128B12174005AE5C4 /* Buttons */,
				E4C78C6628B12174005AE5C4 /* Controllers */,
				E4C78C6828B12174005AE5C4 /* Views */,
			);
			path = Subclasses;
			sourceTree = "<group>";
		};
		E4C78C6128B12174005AE5C4 /* Buttons */ = {
			isa = PBXGroup;
			children = (
				E4C78C6228B12174005AE5C4 /* IconButton.swift */,
				E4C78C6328B12174005AE5C4 /* RoundButton.swift */,
				E4C78C6428B12174005AE5C4 /* CircleView.swift */,
				E4C78C6528B12174005AE5C4 /* TextButton.swift */,
			);
			path = Buttons;
			sourceTree = "<group>";
		};
		E4C78C6628B12174005AE5C4 /* Controllers */ = {
			isa = PBXGroup;
			children = (
				E4C78C6728B12174005AE5C4 /* LoadingViewController.swift */,
			);
			path = Controllers;
			sourceTree = "<group>";
		};
		E4C78C6828B12174005AE5C4 /* Views */ = {
			isa = PBXGroup;
			children = (
				E4C78C6928B12174005AE5C4 /* ProgressBarView.swift */,
				E4C78C6A28B12174005AE5C4 /* SpinnerView.swift */,
				E4C78C6B28B12174005AE5C4 /* BaseCell.swift */,
			);
			path = Views;
			sourceTree = "<group>";
		};
		E4C78C6C28B12174005AE5C4 /* Managers */ = {
			isa = PBXGroup;
			children = (
				E4C78C6D28B12174005AE5C4 /* UserManager.swift */,
				E4C78C6E28B12174005AE5C4 /* CacheManager.swift */,
				E4C78C6F28B12174005AE5C4 /* ErrorHandler.swift */,
			);
			path = Managers;
			sourceTree = "<group>";
		};
		E4C78C7428B12174005AE5C4 /* Common */ = {
			isa = PBXGroup;
			children = (
				E4C78C7528B12174005AE5C4 /* Constants.swift */,
				E4C78C7628B12174005AE5C4 /* UIColor+Theme.swift */,
				E4C78C7728B12174005AE5C4 /* UIFont+Theme.swift */,
				E4C78C7828B12174005AE5C4 /* Icons.swift */,
				E4C78C7928B12174005AE5C4 /* Enum.swift */,
				E4F73B9728BA25BF0056E1DD /* VoidResult.swift */,
			);
			path = Common;
			sourceTree = "<group>";
		};
		E4C78C7A28B12174005AE5C4 /* Helpers */ = {
			isa = PBXGroup;
			children = (
				E4C78C7B28B12174005AE5C4 /* ViewController.swift */,
				E4C78C7C28B12174005AE5C4 /* UIViewController+Extensions.swift */,
				E4C78C7D28B12174005AE5C4 /* UIImageView+loadImageUsingURL.swift */,
				E4C78C7E28B12174005AE5C4 /* UIView+Extensions.swift */,
				E4C78C7F28B12174005AE5C4 /* DateFormatter+Extensions.swift */,
				E4C78C8028B12174005AE5C4 /* String+Extensions.swift */,
				E4C78C8228B12174005AE5C4 /* UIColor+Extensions.swift */,
				E4C78C8328B12174005AE5C4 /* Decimal+formatter.swift */,
				E4C78C8428B12174005AE5C4 /* UIStack+RemoveAll.swift */,
				E4C78C8528B12174005AE5C4 /* UINavigationController+Extensions.swift */,
				E4C78C8628B12174005AE5C4 /* Calendar+Extensions.swift */,
				E4C78C8728B12174005AE5C4 /* TimeInterval+Extensions.swift */,
				E4C78C8828B12174005AE5C4 /* UILabel+Extensions.swift */,
				E4C78C8928B12174005AE5C4 /* Date+Extensions.swift */,
				E4C78C8A28B12174005AE5C4 /* Double+Extensions.swift */,
				E4C78D5528B209A3005AE5C4 /* DateAndTime.swift */,
				E416BC9C28BEEAC0008CBEE4 /* MonthAndYear.swift */,
				E416BC9A28BEEA97008CBEE4 /* YearMonthDay.swift */,
				E4C25E4C29C5DACB006734A5 /* Encodable+Extensions.swift */,
				E4C25EDB29C9C330006734A5 /* Array+Extensions.swift */,
			);
			path = Helpers;
			sourceTree = "<group>";
		};
		E4C78C8B28B12174005AE5C4 /* Navigations */ = {
			isa = PBXGroup;
			children = (
				E4C78C9128B12174005AE5C4 /* Coordinator.swift */,
				E4C78C8C28B12174005AE5C4 /* AppCoordinator.swift */,
				E4C78C9028B12174005AE5C4 /* BaseCoordinator.swift */,
				E4C78C8F28B12174005AE5C4 /* HomeCoordinator.swift */,
				E4C78C8D28B12174005AE5C4 /* WorkoutCoordinator.swift */,
				E416BCA828BEFF97008CBEE4 /* ProgressCoordinator.swift */,
				E4C78C8E28B12174005AE5C4 /* MeCoordinator.swift */,
			);
			path = Navigations;
			sourceTree = "<group>";
		};
		E4C78C9228B12174005AE5C4 /* Data Source */ = {
			isa = PBXGroup;
			children = (
				E4C78D6428B21458005AE5C4 /* WorkoutSessionDataSource.swift */,
				E4C78D6928B214B0005AE5C4 /* WorkoutSessionSection.swift */,
			);
			path = "Data Source";
			sourceTree = "<group>";
		};
		E4C78D2728B122F0005AE5C4 /* Localized Strings */ = {
			isa = PBXGroup;
			children = (
				E4C78D2928B1232C005AE5C4 /* AppText.swift */,
			);
			path = "Localized Strings";
			sourceTree = "<group>";
		};
		E4C78D2D28B12564005AE5C4 /* Controllers */ = {
			isa = PBXGroup;
			children = (
				E4C78D2F28B1259C005AE5C4 /* HomeViewController.swift */,
			);
			path = Controllers;
			sourceTree = "<group>";
		};
		E4C78D2E28B1256B005AE5C4 /* Controllers */ = {
			isa = PBXGroup;
			children = (
				E4C78D3A28B12660005AE5C4 /* WorkoutViewController.swift */,
				E4C25EE129CAE018006734A5 /* WorkoutSettingsViewController.swift */,
				E44B6B9228B3CA3C00CCB19C /* WorkoutSessionViewController.swift */,
				E42E45BB28B4A2610088A9BF /* WorkoutRoutineListViewController.swift */,
				E42E45BF28B4CF290088A9BF /* WorkoutRoutineViewController.swift */,
				E42E45C328B4D8720088A9BF /* WorkoutExerciseListViewController.swift */,
				E4C25ED729C89CF1006734A5 /* WorkoutSessionReorderExercisesViewController.swift */,
			);
			path = Controllers;
			sourceTree = "<group>";
		};
		E4C78D3128B125D5005AE5C4 /* Controllers */ = {
			isa = PBXGroup;
			children = (
				E4C78D3228B125D5005AE5C4 /* BaseViewController.swift */,
				E4C78D3328B125D5005AE5C4 /* PickerViewController.swift */,
				E4C78D3428B125D5005AE5C4 /* LoadingScreenViewController.swift */,
				E44C593528C596EA007DA562 /* WelcomeViewController.swift */,
				E4C78D3528B125D5005AE5C4 /* MainTabBarController.swift */,
				E44B6B9628B4676800CCB19C /* TextFieldCell.swift */,
				E44B6B9C28B46BCB00CCB19C /* ButtonCell.swift */,
				E44B6B9A28B468C000CCB19C /* DateCell.swift */,
				E44C591028BF8E63007DA562 /* TitleSubtitleDetailCell.swift */,
				E48912AF28CC828E009AFB09 /* TitleSubtitleButtonCell.swift */,
				E48912B528CEA8D9009AFB09 /* TitleTableHeaderView.swift */,
				E4C25E5529C7031C006734A5 /* BaseMVVMViewController.swift */,
			);
			path = Controllers;
			sourceTree = "<group>";
		};
		E4C78D3C28B12665005AE5C4 /* Controllers */ = {
			isa = PBXGroup;
			children = (
				E4C78D3D28B1267E005AE5C4 /* MeViewController.swift */,
				E42E45C528B509ED0088A9BF /* MeAccountDetailViewController.swift */,
			);
			path = Controllers;
			sourceTree = "<group>";
		};
		E4C78D3F28B1268C005AE5C4 /* Me */ = {
			isa = PBXGroup;
			children = (
				E4C78D3C28B12665005AE5C4 /* Controllers */,
				E4C78D4028B1268C005AE5C4 /* MeViewModel.swift */,
			);
			path = Me;
			sourceTree = "<group>";
		};
		E4C78D4228B1268F005AE5C4 /* Common */ = {
			isa = PBXGroup;
			children = (
				E4C25E5229C70108006734A5 /* View Models */,
				E4C78D3128B125D5005AE5C4 /* Controllers */,
			);
			path = Common;
			sourceTree = "<group>";
		};
		E4C78D4328B12699005AE5C4 /* Home */ = {
			isa = PBXGroup;
			children = (
				E4C25E4F29C700A9006734A5 /* Views */,
				E4C25E4E29C70097006734A5 /* View Models */,
				E4C78D2D28B12564005AE5C4 /* Controllers */,
			);
			path = Home;
			sourceTree = "<group>";
		};
		E4C78D4428B126A4005AE5C4 /* Workout */ = {
			isa = PBXGroup;
			children = (
				E4C25E5B29C85AE0006734A5 /* Views */,
				E4C78D2E28B1256B005AE5C4 /* Controllers */,
				E4C25E5029C700CD006734A5 /* View Models */,
				E4C78C9228B12174005AE5C4 /* Data Source */,
			);
			path = Workout;
			sourceTree = "<group>";
		};
		E4F73B8628BA0EFE0056E1DD /* Workout */ = {
			isa = PBXGroup;
			children = (
				E44C590928BF522B007DA562 /* WorkoutSessionInterface.swift */,
				E4C78D4B28B1F18A005AE5C4 /* WorkoutSession.swift */,
				E44B6BA028B48A0E00CCB19C /* WorkoutRoutine.swift */,
				E4C25ED929C9A483006734A5 /* WorkoutSet.swift */,
				E44C590328BF46ED007DA562 /* WorkoutCircuit.swift */,
				E4C78D4D28B1F198005AE5C4 /* WorkoutItem.swift */,
				E4F73B8A28BA0F960056E1DD /* WorkoutMachine.swift */,
				E4F73B8428BA0EF70056E1DD /* WorkoutBodyPart.swift */,
			);
			path = Workout;
			sourceTree = "<group>";
		};
		E4F73B8728BA0F040056E1DD /* Food */ = {
			isa = PBXGroup;
			children = (
				E4C78D4F28B20748005AE5C4 /* NutritionFacts.swift */,
				E4F73B9D28BA34E40056E1DD /* UnitNutrition.swift */,
				E4F73B9F28BA35AB0056E1DD /* AmountAndUnit.swift */,
				E4C78D2B28B12432005AE5C4 /* Food.swift */,
				E4F73B8E28BA0FD90056E1DD /* FoodLog.swift */,
				E4F73B8C28BA0FC60056E1DD /* FoodUnit.swift */,
				E44C592B28C58695007DA562 /* DailyMealLog.swift */,
				E416BC7728BCE36C008CBEE4 /* MealLogList.swift */,
				E4C78D5128B20907005AE5C4 /* MealLog.swift */,
				E4F73B9528BA1D120056E1DD /* CustomizedMeal.swift */,
				E416BC7B28BCE67C008CBEE4 /* MacroItem.swift */,
				E48912B128CDCC95009AFB09 /* MacroRatio.swift */,
			);
			path = Food;
			sourceTree = "<group>";
		};
		E4F73B9228BA1BD10056E1DD /* User */ = {
			isa = PBXGroup;
			children = (
				E4F73B9328BA1BDA0056E1DD /* User.swift */,
				E416BC7928BCE5E6008CBEE4 /* UserGoal.swift */,
				E416BC8F28BDB750008CBEE4 /* UserHealthData.swift */,
				E44C590E28BF5C94007DA562 /* HealthKitWorkout.swift */,
				E44C593728C78EAA007DA562 /* UserPreference.swift */,
			);
			path = User;
			sourceTree = "<group>";
		};
		E4F73BA628BB9EDD0056E1DD /* Data Provider */ = {
			isa = PBXGroup;
			children = (
				E4C78C1B28B12173005AE5C4 /* Database.swift */,
				E4F73B9028BA1B680056E1DD /* DataProvider.swift */,
			);
			path = "Data Provider";
			sourceTree = "<group>";
		};
/* End PBXGroup section */

/* Begin PBXNativeTarget section */
		E4C78BE028B12124005AE5C4 /* Get Fit */ = {
			isa = PBXNativeTarget;
			buildConfigurationList = E4C78BF528B12126005AE5C4 /* Build configuration list for PBXNativeTarget "Get Fit" */;
			buildPhases = (
				E4C78BDD28B12124005AE5C4 /* Sources */,
				E4C78BDE28B12124005AE5C4 /* Frameworks */,
				E4C78BDF28B12124005AE5C4 /* Resources */,
			);
			buildRules = (
			);
			dependencies = (
			);
			name = "Get Fit";
			packageProductDependencies = (
				E4C25E2429C4094C006734A5 /* FirebaseAuth */,
				E4C25E2629C4094C006734A5 /* FirebaseAuthCombine-Community */,
				E4C25E2829C4094C006734A5 /* FirebaseFirestore */,
				E4C25E2A29C4094C006734A5 /* FirebaseFirestoreCombine-Community */,
				E4C25E2C29C4094C006734A5 /* FirebaseFirestoreSwift */,
				E4C25E2E29C4094C006734A5 /* FirebaseStorage */,
				E4C25E3029C4094C006734A5 /* FirebaseStorageCombine-Community */,
				E4C25E3329C40999006734A5 /* SnapKit */,
				E4C25E3629C409E1006734A5 /* RxCocoa */,
				E4C25E3829C409E1006734A5 /* RxRelay */,
				E4C25E3A29C409E1006734A5 /* RxSwift */,
				E4C25E3D29C40A25006734A5 /* RxDataSources */,
				E4C25E4029C40A7A006734A5 /* GoogleSignIn */,
				E4C25E4229C40A7A006734A5 /* GoogleSignInSwift */,
				E4C25E4529C43DAC006734A5 /* Lottie */,
				E4C25E4829C43E07006734A5 /* Collections */,
				E4C25E4A29C43E07006734A5 /* OrderedCollections */,
			);
			productName = "Get Fit";
			productReference = E4C78BE128B12124005AE5C4 /* Get Fit.app */;
			productType = "com.apple.product-type.application";
		};
/* End PBXNativeTarget section */

/* Begin PBXProject section */
		E4C78BD928B12124005AE5C4 /* Project object */ = {
			isa = PBXProject;
			attributes = {
				BuildIndependentTargetsInParallel = 1;
				LastSwiftUpdateCheck = 1340;
				LastUpgradeCheck = 1340;
				TargetAttributes = {
					E4C78BE028B12124005AE5C4 = {
						CreatedOnToolsVersion = 13.4.1;
					};
				};
			};
			buildConfigurationList = E4C78BDC28B12124005AE5C4 /* Build configuration list for PBXProject "Get Fit" */;
			compatibilityVersion = "Xcode 13.0";
			developmentRegion = en;
			hasScannedForEncodings = 0;
			knownRegions = (
				en,
				Base,
			);
			mainGroup = E4C78BD828B12124005AE5C4;
			packageReferences = (
				E4C25E2329C4094C006734A5 /* XCRemoteSwiftPackageReference "firebase-ios-sdk" */,
				E4C25E3229C40999006734A5 /* XCRemoteSwiftPackageReference "SnapKit" */,
				E4C25E3529C409E1006734A5 /* XCRemoteSwiftPackageReference "RxSwift" */,
				E4C25E3C29C40A25006734A5 /* XCRemoteSwiftPackageReference "RxDataSources" */,
				E4C25E3F29C40A7A006734A5 /* XCRemoteSwiftPackageReference "GoogleSignIn-iOS" */,
				E4C25E4429C43DAC006734A5 /* XCRemoteSwiftPackageReference "lottie-ios" */,
				E4C25E4729C43E06006734A5 /* XCRemoteSwiftPackageReference "swift-collections" */,
			);
			productRefGroup = E4C78BE228B12124005AE5C4 /* Products */;
			projectDirPath = "";
			projectRoot = "";
			targets = (
				E4C78BE028B12124005AE5C4 /* Get Fit */,
			);
		};
/* End PBXProject section */

/* Begin PBXResourcesBuildPhase section */
		E4C78BDF28B12124005AE5C4 /* Resources */ = {
			isa = PBXResourcesBuildPhase;
			buildActionMask = 2147483647;
			files = (
				E4C78BF128B12126005AE5C4 /* LaunchScreen.storyboard in Resources */,
				E44C592A28C4EE8C007DA562 /* GoogleService-Info.plist in Resources */,
				E4C78BEE28B12126005AE5C4 /* Assets.xcassets in Resources */,
				E44C592828C4EE63007DA562 /* loading.json in Resources */,
			);
			runOnlyForDeploymentPostprocessing = 0;
		};
/* End PBXResourcesBuildPhase section */

/* Begin PBXSourcesBuildPhase section */
		E4C78BDD28B12124005AE5C4 /* Sources */ = {
			isa = PBXSourcesBuildPhase;
			buildActionMask = 2147483647;
			files = (
				E44C590A28BF522B007DA562 /* WorkoutSessionInterface.swift in Sources */,
				E44C591128BF8E63007DA562 /* TitleSubtitleDetailCell.swift in Sources */,
				E416BC9728BE4F38008CBEE4 /* WorkoutItem+Collection.swift in Sources */,
				E4C25EE229CAE018006734A5 /* WorkoutSettingsViewController.swift in Sources */,
				E4C78CF028B12174005AE5C4 /* LoadingViewController.swift in Sources */,
				E4C78D3928B125D5005AE5C4 /* MainTabBarController.swift in Sources */,
				E48912B228CDCC95009AFB09 /* MacroRatio.swift in Sources */,
				E4C78D6528B21458005AE5C4 /* WorkoutSessionDataSource.swift in Sources */,
				E4C78D5228B20907005AE5C4 /* MealLog.swift in Sources */,
				E416BC9028BDB750008CBEE4 /* UserHealthData.swift in Sources */,
				E4C78D3B28B12660005AE5C4 /* WorkoutViewController.swift in Sources */,
				E44B6B9F28B47D9900CCB19C /* WorkoutSetCell.swift in Sources */,
				E4C78BE528B12124005AE5C4 /* AppDelegate.swift in Sources */,
				E4C78D6C28B274A0005AE5C4 /* WorkoutSessionPreviewCell.swift in Sources */,
				E4C78D0F28B12174005AE5C4 /* AppCoordinator.swift in Sources */,
				E4C78D5828B20D3F005AE5C4 /* WorkoutViewModel.swift in Sources */,
				E42E45BC28B4A2610088A9BF /* WorkoutRoutineListViewController.swift in Sources */,
				E4C78D1028B12174005AE5C4 /* WorkoutCoordinator.swift in Sources */,
				E44C592F28C59363007DA562 /* AuthenticationViewModel.swift in Sources */,
				E4C78D4E28B1F198005AE5C4 /* WorkoutItem.swift in Sources */,
				E4C78CFB28B12174005AE5C4 /* UIColor+Theme.swift in Sources */,
				E42E45BE28B4A3AE0088A9BF /* WorkoutRoutineListViewModel.swift in Sources */,
				E4C78D2A28B1232C005AE5C4 /* AppText.swift in Sources */,
				E4C78CA328B12174005AE5C4 /* BaseViewModel.swift in Sources */,
				E416BC9B28BEEA97008CBEE4 /* YearMonthDay.swift in Sources */,
				E4C78D1C28B12183005AE5C4 /* SceneDelegate.swift in Sources */,
				E4C78CFA28B12174005AE5C4 /* Constants.swift in Sources */,
				E416BC8328BCEC92008CBEE4 /* EditFoodLogViewController.swift in Sources */,
				E416BC9D28BEEAC0008CBEE4 /* MonthAndYear.swift in Sources */,
				E416BC7C28BCE67C008CBEE4 /* MacroItem.swift in Sources */,
				E416BCA428BEFF23008CBEE4 /* ProgressViewController.swift in Sources */,
				E44C590828BF51F8007DA562 /* WorkoutRoutine+Collection.swift in Sources */,
				E44C590F28BF5C94007DA562 /* HealthKitWorkout.swift in Sources */,
				E4C78D5028B20748005AE5C4 /* NutritionFacts.swift in Sources */,
				E44C593628C596EA007DA562 /* WelcomeViewController.swift in Sources */,
				E4C25EE429CAE115006734A5 /* WorkoutSettingsViewModel.swift in Sources */,
				E4C78D4128B1268C005AE5C4 /* MeViewModel.swift in Sources */,
				E4C25EDA29C9A483006734A5 /* WorkoutSet.swift in Sources */,
				E4C78D0228B12174005AE5C4 /* UIView+Extensions.swift in Sources */,
				E42E45C628B509ED0088A9BF /* MeAccountDetailViewController.swift in Sources */,
				E44C593828C78EAA007DA562 /* UserPreference.swift in Sources */,
				E44B6B9328B3CA3C00CCB19C /* WorkoutSessionViewController.swift in Sources */,
				E44B6B9728B4676900CCB19C /* TextFieldCell.swift in Sources */,
				E44C592C28C58695007DA562 /* DailyMealLog.swift in Sources */,
				E4F73B8D28BA0FC60056E1DD /* FoodUnit.swift in Sources */,
				E4C78D3628B125D5005AE5C4 /* BaseViewController.swift in Sources */,
				E4C78D0A28B12174005AE5C4 /* Calendar+Extensions.swift in Sources */,
				E416BCA128BEFA6F008CBEE4 /* DailyMealLog+Collection.swift in Sources */,
				E4C78D0028B12174005AE5C4 /* UIViewController+Extensions.swift in Sources */,
				E4C78D6A28B214B0005AE5C4 /* WorkoutSessionSection.swift in Sources */,
				E4F73B9828BA25BF0056E1DD /* VoidResult.swift in Sources */,
				E416BC9528BE4F15008CBEE4 /* Food+Collection.swift in Sources */,
				E44C590028BF0C1A007DA562 /* WorkoutSession+Collection.swift in Sources */,
				E4C78D3728B125D5005AE5C4 /* PickerViewController.swift in Sources */,
				E4C78D0928B12174005AE5C4 /* UINavigationController+Extensions.swift in Sources */,
				E4C78CFC28B12174005AE5C4 /* UIFont+Theme.swift in Sources */,
				E4C78D2C28B12432005AE5C4 /* Food.swift in Sources */,
				E4C78CEC28B12174005AE5C4 /* IconButton.swift in Sources */,
				E4C78D0D28B12174005AE5C4 /* Date+Extensions.swift in Sources */,
				E42E45C028B4CF290088A9BF /* WorkoutRoutineViewController.swift in Sources */,
				E416BCA728BEFF42008CBEE4 /* ProgressViewModel.swift in Sources */,
				E4C78D3028B1259C005AE5C4 /* HomeViewController.swift in Sources */,
				E416BC8828BCF7E6008CBEE4 /* FoodLogCell.swift in Sources */,
				E42E45C428B4D8720088A9BF /* WorkoutExerciseListViewController.swift in Sources */,
				E44B6BA128B48A0E00CCB19C /* WorkoutRoutine.swift in Sources */,
				E4C78D3828B125D5005AE5C4 /* LoadingScreenViewController.swift in Sources */,
				E4C78CF128B12174005AE5C4 /* ProgressBarView.swift in Sources */,
				E4F73B8F28BA0FD90056E1DD /* FoodLog.swift in Sources */,
				E4C78CF228B12174005AE5C4 /* SpinnerView.swift in Sources */,
				E44B6B9B28B468C000CCB19C /* DateCell.swift in Sources */,
				E4C78D1228B12174005AE5C4 /* HomeCoordinator.swift in Sources */,
				E4F73B9128BA1B680056E1DD /* DataProvider.swift in Sources */,
				E416BC7828BCE36C008CBEE4 /* MealLogList.swift in Sources */,
				E48912B028CC828E009AFB09 /* TitleSubtitleButtonCell.swift in Sources */,
				E4C78D4628B1D6D2005AE5C4 /* CaloriesSummaryCell.swift in Sources */,
				E4C78D1328B12174005AE5C4 /* BaseCoordinator.swift in Sources */,
				E4C78D0C28B12174005AE5C4 /* UILabel+Extensions.swift in Sources */,
				E4C78D0828B12174005AE5C4 /* UIStack+RemoveAll.swift in Sources */,
				E42E45C228B4CF420088A9BF /* WorkoutRoutineViewModel.swift in Sources */,
				E4C25E4D29C5DACB006734A5 /* Encodable+Extensions.swift in Sources */,
				E4C78CFF28B12174005AE5C4 /* ViewController.swift in Sources */,
				E4C78CF428B12174005AE5C4 /* UserManager.swift in Sources */,
				E4C78CF528B12174005AE5C4 /* CacheManager.swift in Sources */,
				E4F73B9E28BA34E40056E1DD /* UnitNutrition.swift in Sources */,
				E4C78CEE28B12174005AE5C4 /* CircleView.swift in Sources */,
				E44C590D28BF5656007DA562 /* Journal.swift in Sources */,
				E416BC7A28BCE5E6008CBEE4 /* UserGoal.swift in Sources */,
				E4C78D1128B12174005AE5C4 /* MeCoordinator.swift in Sources */,
				E44B6B9D28B46BCB00CCB19C /* ButtonCell.swift in Sources */,
				E4F73B9628BA1D120056E1DD /* CustomizedMeal.swift in Sources */,
				E4C78CA228B12174005AE5C4 /* HomeViewModel.swift in Sources */,
				E4C25EDC29C9C330006734A5 /* Array+Extensions.swift in Sources */,
				E416BCA928BEFF97008CBEE4 /* ProgressCoordinator.swift in Sources */,
				E4C25E5629C7031C006734A5 /* BaseMVVMViewController.swift in Sources */,
				E416BC9F28BEF29A008CBEE4 /* DiaryDateControllCell.swift in Sources */,
				E44C590428BF46ED007DA562 /* WorkoutCircuit.swift in Sources */,
				E416BC8C28BD9019008CBEE4 /* FoodLogViewModel.swift in Sources */,
				E416BC8628BCED05008CBEE4 /* AddFoodViewModel.swift in Sources */,
				E4C78D5628B209A3005AE5C4 /* DateAndTime.swift in Sources */,
				E416BC8E28BD91E8008CBEE4 /* DoubleUnitsCell.swift in Sources */,
				E416BC9928BE5426008CBEE4 /* IconTitleSubtitleView.swift in Sources */,
				E416BC8128BCEC7D008CBEE4 /* AddFoodViewController.swift in Sources */,
				E44C591328BF93F6007DA562 /* Journal+Collection.swift in Sources */,
				E4C78CFE28B12174005AE5C4 /* Enum.swift in Sources */,
				E4C78D0628B12174005AE5C4 /* UIColor+Extensions.swift in Sources */,
				E416BC7F28BCEC69008CBEE4 /* NutritionAnalysisViewController.swift in Sources */,
				E4C78CF628B12174005AE5C4 /* ErrorHandler.swift in Sources */,
				E4C78D0728B12174005AE5C4 /* Decimal+formatter.swift in Sources */,
				E4F73BA028BA35AB0056E1DD /* AmountAndUnit.swift in Sources */,
				E4C78D1428B12174005AE5C4 /* Coordinator.swift in Sources */,
				E4C78D0128B12174005AE5C4 /* UIImageView+loadImageUsingURL.swift in Sources */,
				E4F73B8528BA0EF70056E1DD /* WorkoutBodyPart.swift in Sources */,
				E44B6B9528B451D900CCB19C /* IconTitleSubtitleNumberUnitView.swift in Sources */,
				E48912B628CEA8D9009AFB09 /* TitleTableHeaderView.swift in Sources */,
				E4C78CED28B12174005AE5C4 /* RoundButton.swift in Sources */,
				E4C78D0E28B12174005AE5C4 /* Double+Extensions.swift in Sources */,
				E4C25ED829C89CF1006734A5 /* WorkoutSessionReorderExercisesViewController.swift in Sources */,
				E4F73B9428BA1BDA0056E1DD /* User.swift in Sources */,
				E4C78D0B28B12174005AE5C4 /* TimeInterval+Extensions.swift in Sources */,
				E416BC9228BE4594008CBEE4 /* MacroRatioBarView.swift in Sources */,
				E48912B428CEA857009AFB09 /* MealSummaryHeaderView.swift in Sources */,
				E4C78D0428B12174005AE5C4 /* String+Extensions.swift in Sources */,
				E4F73B8B28BA0F960056E1DD /* WorkoutMachine.swift in Sources */,
				E4C78CB728B12174005AE5C4 /* Database.swift in Sources */,
				E4C78CEF28B12174005AE5C4 /* TextButton.swift in Sources */,
				E4C78D3E28B1267E005AE5C4 /* MeViewController.swift in Sources */,
				E4C78CFD28B12174005AE5C4 /* Icons.swift in Sources */,
				E4C78CF328B12174005AE5C4 /* BaseCell.swift in Sources */,
				E4C78D6E28B274C0005AE5C4 /* WorkoutSessionViewModel.swift in Sources */,
				E4C78D4C28B1F18A005AE5C4 /* WorkoutSession.swift in Sources */,
				E4C78D0328B12174005AE5C4 /* DateFormatter+Extensions.swift in Sources */,
			);
			runOnlyForDeploymentPostprocessing = 0;
		};
/* End PBXSourcesBuildPhase section */

/* Begin PBXVariantGroup section */
		E4C78BEF28B12126005AE5C4 /* LaunchScreen.storyboard */ = {
			isa = PBXVariantGroup;
			children = (
				E4C78BF028B12126005AE5C4 /* Base */,
			);
			name = LaunchScreen.storyboard;
			sourceTree = "<group>";
		};
/* End PBXVariantGroup section */

/* Begin XCBuildConfiguration section */
		E4C78BF328B12126005AE5C4 /* Debug */ = {
			isa = XCBuildConfiguration;
			buildSettings = {
				ALWAYS_SEARCH_USER_PATHS = NO;
				CLANG_ANALYZER_NONNULL = YES;
				CLANG_ANALYZER_NUMBER_OBJECT_CONVERSION = YES_AGGRESSIVE;
				CLANG_CXX_LANGUAGE_STANDARD = "gnu++17";
				CLANG_ENABLE_MODULES = YES;
				CLANG_ENABLE_OBJC_ARC = YES;
				CLANG_ENABLE_OBJC_WEAK = YES;
				CLANG_WARN_BLOCK_CAPTURE_AUTORELEASING = YES;
				CLANG_WARN_BOOL_CONVERSION = YES;
				CLANG_WARN_COMMA = YES;
				CLANG_WARN_CONSTANT_CONVERSION = YES;
				CLANG_WARN_DEPRECATED_OBJC_IMPLEMENTATIONS = YES;
				CLANG_WARN_DIRECT_OBJC_ISA_USAGE = YES_ERROR;
				CLANG_WARN_DOCUMENTATION_COMMENTS = YES;
				CLANG_WARN_EMPTY_BODY = YES;
				CLANG_WARN_ENUM_CONVERSION = YES;
				CLANG_WARN_INFINITE_RECURSION = YES;
				CLANG_WARN_INT_CONVERSION = YES;
				CLANG_WARN_NON_LITERAL_NULL_CONVERSION = YES;
				CLANG_WARN_OBJC_IMPLICIT_RETAIN_SELF = YES;
				CLANG_WARN_OBJC_LITERAL_CONVERSION = YES;
				CLANG_WARN_OBJC_ROOT_CLASS = YES_ERROR;
				CLANG_WARN_QUOTED_INCLUDE_IN_FRAMEWORK_HEADER = YES;
				CLANG_WARN_RANGE_LOOP_ANALYSIS = YES;
				CLANG_WARN_STRICT_PROTOTYPES = YES;
				CLANG_WARN_SUSPICIOUS_MOVE = YES;
				CLANG_WARN_UNGUARDED_AVAILABILITY = YES_AGGRESSIVE;
				CLANG_WARN_UNREACHABLE_CODE = YES;
				CLANG_WARN__DUPLICATE_METHOD_MATCH = YES;
				COPY_PHASE_STRIP = NO;
				DEBUG_INFORMATION_FORMAT = dwarf;
				ENABLE_STRICT_OBJC_MSGSEND = YES;
				ENABLE_TESTABILITY = YES;
				GCC_C_LANGUAGE_STANDARD = gnu11;
				GCC_DYNAMIC_NO_PIC = NO;
				GCC_NO_COMMON_BLOCKS = YES;
				GCC_OPTIMIZATION_LEVEL = 0;
				GCC_PREPROCESSOR_DEFINITIONS = (
					"DEBUG=1",
					"$(inherited)",
				);
				GCC_WARN_64_TO_32_BIT_CONVERSION = YES;
				GCC_WARN_ABOUT_RETURN_TYPE = YES_ERROR;
				GCC_WARN_UNDECLARED_SELECTOR = YES;
				GCC_WARN_UNINITIALIZED_AUTOS = YES_AGGRESSIVE;
				GCC_WARN_UNUSED_FUNCTION = YES;
				GCC_WARN_UNUSED_VARIABLE = YES;
				IPHONEOS_DEPLOYMENT_TARGET = 15.5;
				MTL_ENABLE_DEBUG_INFO = INCLUDE_SOURCE;
				MTL_FAST_MATH = YES;
				ONLY_ACTIVE_ARCH = YES;
				SDKROOT = iphoneos;
				SWIFT_ACTIVE_COMPILATION_CONDITIONS = DEBUG;
				SWIFT_OPTIMIZATION_LEVEL = "-Onone";
			};
			name = Debug;
		};
		E4C78BF428B12126005AE5C4 /* Release */ = {
			isa = XCBuildConfiguration;
			buildSettings = {
				ALWAYS_SEARCH_USER_PATHS = NO;
				CLANG_ANALYZER_NONNULL = YES;
				CLANG_ANALYZER_NUMBER_OBJECT_CONVERSION = YES_AGGRESSIVE;
				CLANG_CXX_LANGUAGE_STANDARD = "gnu++17";
				CLANG_ENABLE_MODULES = YES;
				CLANG_ENABLE_OBJC_ARC = YES;
				CLANG_ENABLE_OBJC_WEAK = YES;
				CLANG_WARN_BLOCK_CAPTURE_AUTORELEASING = YES;
				CLANG_WARN_BOOL_CONVERSION = YES;
				CLANG_WARN_COMMA = YES;
				CLANG_WARN_CONSTANT_CONVERSION = YES;
				CLANG_WARN_DEPRECATED_OBJC_IMPLEMENTATIONS = YES;
				CLANG_WARN_DIRECT_OBJC_ISA_USAGE = YES_ERROR;
				CLANG_WARN_DOCUMENTATION_COMMENTS = YES;
				CLANG_WARN_EMPTY_BODY = YES;
				CLANG_WARN_ENUM_CONVERSION = YES;
				CLANG_WARN_INFINITE_RECURSION = YES;
				CLANG_WARN_INT_CONVERSION = YES;
				CLANG_WARN_NON_LITERAL_NULL_CONVERSION = YES;
				CLANG_WARN_OBJC_IMPLICIT_RETAIN_SELF = YES;
				CLANG_WARN_OBJC_LITERAL_CONVERSION = YES;
				CLANG_WARN_OBJC_ROOT_CLASS = YES_ERROR;
				CLANG_WARN_QUOTED_INCLUDE_IN_FRAMEWORK_HEADER = YES;
				CLANG_WARN_RANGE_LOOP_ANALYSIS = YES;
				CLANG_WARN_STRICT_PROTOTYPES = YES;
				CLANG_WARN_SUSPICIOUS_MOVE = YES;
				CLANG_WARN_UNGUARDED_AVAILABILITY = YES_AGGRESSIVE;
				CLANG_WARN_UNREACHABLE_CODE = YES;
				CLANG_WARN__DUPLICATE_METHOD_MATCH = YES;
				COPY_PHASE_STRIP = NO;
				DEBUG_INFORMATION_FORMAT = "dwarf-with-dsym";
				ENABLE_NS_ASSERTIONS = NO;
				ENABLE_STRICT_OBJC_MSGSEND = YES;
				GCC_C_LANGUAGE_STANDARD = gnu11;
				GCC_NO_COMMON_BLOCKS = YES;
				GCC_WARN_64_TO_32_BIT_CONVERSION = YES;
				GCC_WARN_ABOUT_RETURN_TYPE = YES_ERROR;
				GCC_WARN_UNDECLARED_SELECTOR = YES;
				GCC_WARN_UNINITIALIZED_AUTOS = YES_AGGRESSIVE;
				GCC_WARN_UNUSED_FUNCTION = YES;
				GCC_WARN_UNUSED_VARIABLE = YES;
				IPHONEOS_DEPLOYMENT_TARGET = 15.5;
				MTL_ENABLE_DEBUG_INFO = NO;
				MTL_FAST_MATH = YES;
				SDKROOT = iphoneos;
				SWIFT_COMPILATION_MODE = wholemodule;
				SWIFT_OPTIMIZATION_LEVEL = "-O";
				VALIDATE_PRODUCT = YES;
			};
			name = Release;
		};
		E4C78BF628B12126005AE5C4 /* Debug */ = {
			isa = XCBuildConfiguration;
			buildSettings = {
				ASSETCATALOG_COMPILER_APPICON_NAME = AppIcon;
				ASSETCATALOG_COMPILER_GLOBAL_ACCENT_COLOR_NAME = AccentColor;
				CODE_SIGN_ENTITLEMENTS = "Get Fit/Get Fit.entitlements";
				CODE_SIGN_STYLE = Automatic;
				CURRENT_PROJECT_VERSION = 1;
				DEVELOPMENT_TEAM = Q83M63VYW4;
				GENERATE_INFOPLIST_FILE = YES;
				INFOPLIST_FILE = "Get Fit/Info.plist";
				INFOPLIST_KEY_NSHealthShareUsageDescription = "Allow this app to access your health data";
				INFOPLIST_KEY_NSHealthUpdateUsageDescription = "Allow this app to write health data";
				INFOPLIST_KEY_UIApplicationSupportsIndirectInputEvents = YES;
				INFOPLIST_KEY_UILaunchStoryboardName = LaunchScreen;
				INFOPLIST_KEY_UISupportedInterfaceOrientations_iPad = "UIInterfaceOrientationPortrait UIInterfaceOrientationPortraitUpsideDown UIInterfaceOrientationLandscapeLeft UIInterfaceOrientationLandscapeRight";
				INFOPLIST_KEY_UISupportedInterfaceOrientations_iPhone = "UIInterfaceOrientationPortrait UIInterfaceOrientationLandscapeLeft UIInterfaceOrientationLandscapeRight";
				LD_RUNPATH_SEARCH_PATHS = (
					"$(inherited)",
					"@executable_path/Frameworks",
				);
				MARKETING_VERSION = 1.0;
				PRODUCT_BUNDLE_IDENTIFIER = "com.muhuiyu.Get-Fit";
				PRODUCT_NAME = "$(TARGET_NAME)";
				SWIFT_EMIT_LOC_STRINGS = YES;
				SWIFT_VERSION = 5.0;
				TARGETED_DEVICE_FAMILY = "1,2";
			};
			name = Debug;
		};
		E4C78BF728B12126005AE5C4 /* Release */ = {
			isa = XCBuildConfiguration;
			buildSettings = {
				ASSETCATALOG_COMPILER_APPICON_NAME = AppIcon;
				ASSETCATALOG_COMPILER_GLOBAL_ACCENT_COLOR_NAME = AccentColor;
				CODE_SIGN_ENTITLEMENTS = "Get Fit/Get Fit.entitlements";
				CODE_SIGN_STYLE = Automatic;
				CURRENT_PROJECT_VERSION = 1;
				DEVELOPMENT_TEAM = Q83M63VYW4;
				GENERATE_INFOPLIST_FILE = YES;
				INFOPLIST_FILE = "Get Fit/Info.plist";
				INFOPLIST_KEY_NSHealthShareUsageDescription = "Allow this app to access your health data";
				INFOPLIST_KEY_NSHealthUpdateUsageDescription = "Allow this app to write health data";
				INFOPLIST_KEY_UIApplicationSupportsIndirectInputEvents = YES;
				INFOPLIST_KEY_UILaunchStoryboardName = LaunchScreen;
				INFOPLIST_KEY_UISupportedInterfaceOrientations_iPad = "UIInterfaceOrientationPortrait UIInterfaceOrientationPortraitUpsideDown UIInterfaceOrientationLandscapeLeft UIInterfaceOrientationLandscapeRight";
				INFOPLIST_KEY_UISupportedInterfaceOrientations_iPhone = "UIInterfaceOrientationPortrait UIInterfaceOrientationLandscapeLeft UIInterfaceOrientationLandscapeRight";
				LD_RUNPATH_SEARCH_PATHS = (
					"$(inherited)",
					"@executable_path/Frameworks",
				);
				MARKETING_VERSION = 1.0;
				PRODUCT_BUNDLE_IDENTIFIER = "com.muhuiyu.Get-Fit";
				PRODUCT_NAME = "$(TARGET_NAME)";
				SWIFT_EMIT_LOC_STRINGS = YES;
				SWIFT_VERSION = 5.0;
				TARGETED_DEVICE_FAMILY = "1,2";
			};
			name = Release;
		};
/* End XCBuildConfiguration section */

/* Begin XCConfigurationList section */
		E4C78BDC28B12124005AE5C4 /* Build configuration list for PBXProject "Get Fit" */ = {
			isa = XCConfigurationList;
			buildConfigurations = (
				E4C78BF328B12126005AE5C4 /* Debug */,
				E4C78BF428B12126005AE5C4 /* Release */,
			);
			defaultConfigurationIsVisible = 0;
			defaultConfigurationName = Release;
		};
		E4C78BF528B12126005AE5C4 /* Build configuration list for PBXNativeTarget "Get Fit" */ = {
			isa = XCConfigurationList;
			buildConfigurations = (
				E4C78BF628B12126005AE5C4 /* Debug */,
				E4C78BF728B12126005AE5C4 /* Release */,
			);
			defaultConfigurationIsVisible = 0;
			defaultConfigurationName = Release;
		};
/* End XCConfigurationList section */

/* Begin XCRemoteSwiftPackageReference section */
		E4C25E2329C4094C006734A5 /* XCRemoteSwiftPackageReference "firebase-ios-sdk" */ = {
			isa = XCRemoteSwiftPackageReference;
			repositoryURL = "https://github.com/firebase/firebase-ios-sdk";
			requirement = {
				branch = master;
				kind = branch;
			};
		};
		E4C25E3229C40999006734A5 /* XCRemoteSwiftPackageReference "SnapKit" */ = {
			isa = XCRemoteSwiftPackageReference;
			repositoryURL = "https://github.com/SnapKit/SnapKit";
			requirement = {
				branch = develop;
				kind = branch;
			};
		};
		E4C25E3529C409E1006734A5 /* XCRemoteSwiftPackageReference "RxSwift" */ = {
			isa = XCRemoteSwiftPackageReference;
			repositoryURL = "https://github.com/ReactiveX/RxSwift";
			requirement = {
				branch = main;
				kind = branch;
			};
		};
		E4C25E3C29C40A25006734A5 /* XCRemoteSwiftPackageReference "RxDataSources" */ = {
			isa = XCRemoteSwiftPackageReference;
			repositoryURL = "https://github.com/RxSwiftCommunity/RxDataSources";
			requirement = {
				branch = main;
				kind = branch;
			};
		};
		E4C25E3F29C40A7A006734A5 /* XCRemoteSwiftPackageReference "GoogleSignIn-iOS" */ = {
			isa = XCRemoteSwiftPackageReference;
			repositoryURL = "https://github.com/google/GoogleSignIn-iOS";
			requirement = {
				branch = main;
				kind = branch;
			};
		};
		E4C25E4429C43DAC006734A5 /* XCRemoteSwiftPackageReference "lottie-ios" */ = {
			isa = XCRemoteSwiftPackageReference;
			repositoryURL = "https://github.com/airbnb/lottie-ios";
			requirement = {
				branch = master;
				kind = branch;
			};
		};
		E4C25E4729C43E06006734A5 /* XCRemoteSwiftPackageReference "swift-collections" */ = {
			isa = XCRemoteSwiftPackageReference;
			repositoryURL = "https://github.com/apple/swift-collections.git";
			requirement = {
				kind = upToNextMajorVersion;
				minimumVersion = 1.0.0;
			};
		};
/* End XCRemoteSwiftPackageReference section */

/* Begin XCSwiftPackageProductDependency section */
		E4C25E2429C4094C006734A5 /* FirebaseAuth */ = {
			isa = XCSwiftPackageProductDependency;
			package = E4C25E2329C4094C006734A5 /* XCRemoteSwiftPackageReference "firebase-ios-sdk" */;
			productName = FirebaseAuth;
		};
		E4C25E2629C4094C006734A5 /* FirebaseAuthCombine-Community */ = {
			isa = XCSwiftPackageProductDependency;
			package = E4C25E2329C4094C006734A5 /* XCRemoteSwiftPackageReference "firebase-ios-sdk" */;
			productName = "FirebaseAuthCombine-Community";
		};
		E4C25E2829C4094C006734A5 /* FirebaseFirestore */ = {
			isa = XCSwiftPackageProductDependency;
			package = E4C25E2329C4094C006734A5 /* XCRemoteSwiftPackageReference "firebase-ios-sdk" */;
			productName = FirebaseFirestore;
		};
		E4C25E2A29C4094C006734A5 /* FirebaseFirestoreCombine-Community */ = {
			isa = XCSwiftPackageProductDependency;
			package = E4C25E2329C4094C006734A5 /* XCRemoteSwiftPackageReference "firebase-ios-sdk" */;
			productName = "FirebaseFirestoreCombine-Community";
		};
		E4C25E2C29C4094C006734A5 /* FirebaseFirestoreSwift */ = {
			isa = XCSwiftPackageProductDependency;
			package = E4C25E2329C4094C006734A5 /* XCRemoteSwiftPackageReference "firebase-ios-sdk" */;
			productName = FirebaseFirestoreSwift;
		};
		E4C25E2E29C4094C006734A5 /* FirebaseStorage */ = {
			isa = XCSwiftPackageProductDependency;
			package = E4C25E2329C4094C006734A5 /* XCRemoteSwiftPackageReference "firebase-ios-sdk" */;
			productName = FirebaseStorage;
		};
		E4C25E3029C4094C006734A5 /* FirebaseStorageCombine-Community */ = {
			isa = XCSwiftPackageProductDependency;
			package = E4C25E2329C4094C006734A5 /* XCRemoteSwiftPackageReference "firebase-ios-sdk" */;
			productName = "FirebaseStorageCombine-Community";
		};
		E4C25E3329C40999006734A5 /* SnapKit */ = {
			isa = XCSwiftPackageProductDependency;
			package = E4C25E3229C40999006734A5 /* XCRemoteSwiftPackageReference "SnapKit" */;
			productName = SnapKit;
		};
		E4C25E3629C409E1006734A5 /* RxCocoa */ = {
			isa = XCSwiftPackageProductDependency;
			package = E4C25E3529C409E1006734A5 /* XCRemoteSwiftPackageReference "RxSwift" */;
			productName = RxCocoa;
		};
		E4C25E3829C409E1006734A5 /* RxRelay */ = {
			isa = XCSwiftPackageProductDependency;
			package = E4C25E3529C409E1006734A5 /* XCRemoteSwiftPackageReference "RxSwift" */;
			productName = RxRelay;
		};
		E4C25E3A29C409E1006734A5 /* RxSwift */ = {
			isa = XCSwiftPackageProductDependency;
			package = E4C25E3529C409E1006734A5 /* XCRemoteSwiftPackageReference "RxSwift" */;
			productName = RxSwift;
		};
		E4C25E3D29C40A25006734A5 /* RxDataSources */ = {
			isa = XCSwiftPackageProductDependency;
			package = E4C25E3C29C40A25006734A5 /* XCRemoteSwiftPackageReference "RxDataSources" */;
			productName = RxDataSources;
		};
		E4C25E4029C40A7A006734A5 /* GoogleSignIn */ = {
			isa = XCSwiftPackageProductDependency;
			package = E4C25E3F29C40A7A006734A5 /* XCRemoteSwiftPackageReference "GoogleSignIn-iOS" */;
			productName = GoogleSignIn;
		};
		E4C25E4229C40A7A006734A5 /* GoogleSignInSwift */ = {
			isa = XCSwiftPackageProductDependency;
			package = E4C25E3F29C40A7A006734A5 /* XCRemoteSwiftPackageReference "GoogleSignIn-iOS" */;
			productName = GoogleSignInSwift;
		};
		E4C25E4529C43DAC006734A5 /* Lottie */ = {
			isa = XCSwiftPackageProductDependency;
			package = E4C25E4429C43DAC006734A5 /* XCRemoteSwiftPackageReference "lottie-ios" */;
			productName = Lottie;
		};
		E4C25E4829C43E07006734A5 /* Collections */ = {
			isa = XCSwiftPackageProductDependency;
			package = E4C25E4729C43E06006734A5 /* XCRemoteSwiftPackageReference "swift-collections" */;
			productName = Collections;
		};
		E4C25E4A29C43E07006734A5 /* OrderedCollections */ = {
			isa = XCSwiftPackageProductDependency;
			package = E4C25E4729C43E06006734A5 /* XCRemoteSwiftPackageReference "swift-collections" */;
			productName = OrderedCollections;
		};
/* End XCSwiftPackageProductDependency section */
	};
	rootObject = E4C78BD928B12124005AE5C4 /* Project object */;
}
